// !$*UTF8*$!
{
	archiveVersion = 1;
	classes = {
	};
	objectVersion = 46;
	objects = {

/* Begin PBXBuildFile section */
		890C8F4F1C798B2C0023AE5F /* Default-568h@2x.png in Resources */ = {isa = PBXBuildFile; fileRef = 890C8F4C1C798B2C0023AE5F /* Default-568h@2x.png */; };
		890C8F501C798B2C0023AE5F /* Default-667h@2x.png in Resources */ = {isa = PBXBuildFile; fileRef = 890C8F4D1C798B2C0023AE5F /* Default-667h@2x.png */; };
		890C8F511C798B2C0023AE5F /* Default-736h@3x.png in Resources */ = {isa = PBXBuildFile; fileRef = 890C8F4E1C798B2C0023AE5F /* Default-736h@3x.png */; };
		890C8FB71C79947C0023AE5F /* u001.jpg in Resources */ = {isa = PBXBuildFile; fileRef = 890C8F531C79947C0023AE5F /* u001.jpg */; };
		890C8FB81C79947C0023AE5F /* u002.jpg in Resources */ = {isa = PBXBuildFile; fileRef = 890C8F541C79947C0023AE5F /* u002.jpg */; };
		890C8FB91C79947C0023AE5F /* u003.jpg in Resources */ = {isa = PBXBuildFile; fileRef = 890C8F551C79947C0023AE5F /* u003.jpg */; };
		890C8FBA1C79947C0023AE5F /* u004.jpg in Resources */ = {isa = PBXBuildFile; fileRef = 890C8F561C79947C0023AE5F /* u004.jpg */; };
		890C8FBB1C79947C0023AE5F /* u005.jpg in Resources */ = {isa = PBXBuildFile; fileRef = 890C8F571C79947C0023AE5F /* u005.jpg */; };
		890C8FBC1C79947C0023AE5F /* u006.jpg in Resources */ = {isa = PBXBuildFile; fileRef = 890C8F581C79947C0023AE5F /* u006.jpg */; };
		890C8FBD1C79947C0023AE5F /* u007.jpg in Resources */ = {isa = PBXBuildFile; fileRef = 890C8F591C79947C0023AE5F /* u007.jpg */; };
		890C8FBE1C79947C0023AE5F /* u008.jpg in Resources */ = {isa = PBXBuildFile; fileRef = 890C8F5A1C79947C0023AE5F /* u008.jpg */; };
		890C8FBF1C79947C0023AE5F /* u009.jpg in Resources */ = {isa = PBXBuildFile; fileRef = 890C8F5B1C79947C0023AE5F /* u009.jpg */; };
		890C8FC01C79947C0023AE5F /* u010.jpg in Resources */ = {isa = PBXBuildFile; fileRef = 890C8F5C1C79947C0023AE5F /* u010.jpg */; };
		890C8FC11C79947C0023AE5F /* u011.jpg in Resources */ = {isa = PBXBuildFile; fileRef = 890C8F5D1C79947C0023AE5F /* u011.jpg */; };
		890C8FC21C79947C0023AE5F /* u012.jpg in Resources */ = {isa = PBXBuildFile; fileRef = 890C8F5E1C79947C0023AE5F /* u012.jpg */; };
		890C8FC31C79947C0023AE5F /* u013.jpg in Resources */ = {isa = PBXBuildFile; fileRef = 890C8F5F1C79947C0023AE5F /* u013.jpg */; };
		890C8FC41C79947C0023AE5F /* u014.jpg in Resources */ = {isa = PBXBuildFile; fileRef = 890C8F601C79947C0023AE5F /* u014.jpg */; };
		890C8FC51C79947C0023AE5F /* u015.jpg in Resources */ = {isa = PBXBuildFile; fileRef = 890C8F611C79947C0023AE5F /* u015.jpg */; };
		890C8FC61C79947C0023AE5F /* u016.jpg in Resources */ = {isa = PBXBuildFile; fileRef = 890C8F621C79947C0023AE5F /* u016.jpg */; };
		890C8FC71C79947C0023AE5F /* u017.jpg in Resources */ = {isa = PBXBuildFile; fileRef = 890C8F631C79947C0023AE5F /* u017.jpg */; };
		890C8FC81C79947C0023AE5F /* u018.jpg in Resources */ = {isa = PBXBuildFile; fileRef = 890C8F641C79947C0023AE5F /* u018.jpg */; };
		890C8FC91C79947C0023AE5F /* u019.jpg in Resources */ = {isa = PBXBuildFile; fileRef = 890C8F651C79947C0023AE5F /* u019.jpg */; };
		890C8FCA1C79947C0023AE5F /* u020.jpg in Resources */ = {isa = PBXBuildFile; fileRef = 890C8F661C79947C0023AE5F /* u020.jpg */; };
		890C8FCB1C79947C0023AE5F /* u021.jpg in Resources */ = {isa = PBXBuildFile; fileRef = 890C8F671C79947C0023AE5F /* u021.jpg */; };
		890C8FCC1C79947C0023AE5F /* u022.jpg in Resources */ = {isa = PBXBuildFile; fileRef = 890C8F681C79947C0023AE5F /* u022.jpg */; };
		890C8FCD1C79947C0023AE5F /* u023.jpg in Resources */ = {isa = PBXBuildFile; fileRef = 890C8F691C79947C0023AE5F /* u023.jpg */; };
		890C8FCE1C79947C0023AE5F /* u024.jpg in Resources */ = {isa = PBXBuildFile; fileRef = 890C8F6A1C79947C0023AE5F /* u024.jpg */; };
		890C8FCF1C79947C0023AE5F /* u025.jpg in Resources */ = {isa = PBXBuildFile; fileRef = 890C8F6B1C79947C0023AE5F /* u025.jpg */; };
		890C8FD01C79947C0023AE5F /* u026.jpg in Resources */ = {isa = PBXBuildFile; fileRef = 890C8F6C1C79947C0023AE5F /* u026.jpg */; };
		890C8FD11C79947C0023AE5F /* u027.jpg in Resources */ = {isa = PBXBuildFile; fileRef = 890C8F6D1C79947C0023AE5F /* u027.jpg */; };
		890C8FD21C79947C0023AE5F /* u028.jpg in Resources */ = {isa = PBXBuildFile; fileRef = 890C8F6E1C79947C0023AE5F /* u028.jpg */; };
		890C8FD31C79947C0023AE5F /* u029.jpg in Resources */ = {isa = PBXBuildFile; fileRef = 890C8F6F1C79947C0023AE5F /* u029.jpg */; };
		890C8FD41C79947C0023AE5F /* u030.jpg in Resources */ = {isa = PBXBuildFile; fileRef = 890C8F701C79947C0023AE5F /* u030.jpg */; };
		890C8FD51C79947C0023AE5F /* u031.jpg in Resources */ = {isa = PBXBuildFile; fileRef = 890C8F711C79947C0023AE5F /* u031.jpg */; };
		890C8FD61C79947C0023AE5F /* u032.jpg in Resources */ = {isa = PBXBuildFile; fileRef = 890C8F721C79947C0023AE5F /* u032.jpg */; };
		890C8FD71C79947C0023AE5F /* u033.jpg in Resources */ = {isa = PBXBuildFile; fileRef = 890C8F731C79947C0023AE5F /* u033.jpg */; };
		890C8FD81C79947C0023AE5F /* u034.jpg in Resources */ = {isa = PBXBuildFile; fileRef = 890C8F741C79947C0023AE5F /* u034.jpg */; };
		890C8FD91C79947C0023AE5F /* u035.jpg in Resources */ = {isa = PBXBuildFile; fileRef = 890C8F751C79947C0023AE5F /* u035.jpg */; };
		890C8FDA1C79947C0023AE5F /* u036.jpg in Resources */ = {isa = PBXBuildFile; fileRef = 890C8F761C79947C0023AE5F /* u036.jpg */; };
		890C8FDB1C79947C0023AE5F /* u037.jpg in Resources */ = {isa = PBXBuildFile; fileRef = 890C8F771C79947C0023AE5F /* u037.jpg */; };
		890C8FDC1C79947C0023AE5F /* u038.jpg in Resources */ = {isa = PBXBuildFile; fileRef = 890C8F781C79947C0023AE5F /* u038.jpg */; };
		890C8FDD1C79947C0023AE5F /* u039.jpg in Resources */ = {isa = PBXBuildFile; fileRef = 890C8F791C79947C0023AE5F /* u039.jpg */; };
		890C8FDE1C79947C0023AE5F /* u040.jpg in Resources */ = {isa = PBXBuildFile; fileRef = 890C8F7A1C79947C0023AE5F /* u040.jpg */; };
		890C8FDF1C79947C0023AE5F /* u041.jpg in Resources */ = {isa = PBXBuildFile; fileRef = 890C8F7B1C79947C0023AE5F /* u041.jpg */; };
		890C8FE01C79947C0023AE5F /* u042.jpg in Resources */ = {isa = PBXBuildFile; fileRef = 890C8F7C1C79947C0023AE5F /* u042.jpg */; };
		890C8FE11C79947C0023AE5F /* u043.jpg in Resources */ = {isa = PBXBuildFile; fileRef = 890C8F7D1C79947C0023AE5F /* u043.jpg */; };
		890C8FE21C79947C0023AE5F /* u044.jpg in Resources */ = {isa = PBXBuildFile; fileRef = 890C8F7E1C79947C0023AE5F /* u044.jpg */; };
		890C8FE31C79947C0023AE5F /* u045.jpg in Resources */ = {isa = PBXBuildFile; fileRef = 890C8F7F1C79947C0023AE5F /* u045.jpg */; };
		890C8FE41C79947C0023AE5F /* u046.jpg in Resources */ = {isa = PBXBuildFile; fileRef = 890C8F801C79947C0023AE5F /* u046.jpg */; };
		890C8FE51C79947C0023AE5F /* u047.jpg in Resources */ = {isa = PBXBuildFile; fileRef = 890C8F811C79947C0023AE5F /* u047.jpg */; };
		890C8FE61C79947C0023AE5F /* u048.jpg in Resources */ = {isa = PBXBuildFile; fileRef = 890C8F821C79947C0023AE5F /* u048.jpg */; };
		890C8FE71C79947C0023AE5F /* u049.jpg in Resources */ = {isa = PBXBuildFile; fileRef = 890C8F831C79947C0023AE5F /* u049.jpg */; };
		890C8FE81C79947C0023AE5F /* u050.jpg in Resources */ = {isa = PBXBuildFile; fileRef = 890C8F841C79947C0023AE5F /* u050.jpg */; };
		890C8FE91C79947C0023AE5F /* u051.jpg in Resources */ = {isa = PBXBuildFile; fileRef = 890C8F851C79947C0023AE5F /* u051.jpg */; };
		890C8FEA1C79947C0023AE5F /* u052.jpg in Resources */ = {isa = PBXBuildFile; fileRef = 890C8F861C79947C0023AE5F /* u052.jpg */; };
		890C8FEB1C79947C0023AE5F /* u053.jpg in Resources */ = {isa = PBXBuildFile; fileRef = 890C8F871C79947C0023AE5F /* u053.jpg */; };
		890C8FEC1C79947C0023AE5F /* u054.jpg in Resources */ = {isa = PBXBuildFile; fileRef = 890C8F881C79947C0023AE5F /* u054.jpg */; };
		890C8FED1C79947C0023AE5F /* u055.jpg in Resources */ = {isa = PBXBuildFile; fileRef = 890C8F891C79947C0023AE5F /* u055.jpg */; };
		890C8FEE1C79947C0023AE5F /* u056.jpg in Resources */ = {isa = PBXBuildFile; fileRef = 890C8F8A1C79947C0023AE5F /* u056.jpg */; };
		890C8FEF1C79947C0023AE5F /* u057.jpg in Resources */ = {isa = PBXBuildFile; fileRef = 890C8F8B1C79947C0023AE5F /* u057.jpg */; };
		890C8FF01C79947C0023AE5F /* u058.jpg in Resources */ = {isa = PBXBuildFile; fileRef = 890C8F8C1C79947C0023AE5F /* u058.jpg */; };
		890C8FF11C79947C0023AE5F /* u059.jpg in Resources */ = {isa = PBXBuildFile; fileRef = 890C8F8D1C79947C0023AE5F /* u059.jpg */; };
		890C8FF21C79947C0023AE5F /* u060.jpg in Resources */ = {isa = PBXBuildFile; fileRef = 890C8F8E1C79947C0023AE5F /* u060.jpg */; };
		890C8FF31C79947C0023AE5F /* u061.jpg in Resources */ = {isa = PBXBuildFile; fileRef = 890C8F8F1C79947C0023AE5F /* u061.jpg */; };
		890C8FF41C79947C0023AE5F /* u062.jpg in Resources */ = {isa = PBXBuildFile; fileRef = 890C8F901C79947C0023AE5F /* u062.jpg */; };
		890C8FF51C79947C0023AE5F /* u063.jpg in Resources */ = {isa = PBXBuildFile; fileRef = 890C8F911C79947C0023AE5F /* u063.jpg */; };
		890C8FF61C79947C0023AE5F /* u064.jpg in Resources */ = {isa = PBXBuildFile; fileRef = 890C8F921C79947C0023AE5F /* u064.jpg */; };
		890C8FF71C79947C0023AE5F /* u065.jpg in Resources */ = {isa = PBXBuildFile; fileRef = 890C8F931C79947C0023AE5F /* u065.jpg */; };
		890C8FF81C79947C0023AE5F /* u066.jpg in Resources */ = {isa = PBXBuildFile; fileRef = 890C8F941C79947C0023AE5F /* u066.jpg */; };
		890C8FF91C79947C0023AE5F /* u067.jpg in Resources */ = {isa = PBXBuildFile; fileRef = 890C8F951C79947C0023AE5F /* u067.jpg */; };
		890C8FFA1C79947C0023AE5F /* u068.jpg in Resources */ = {isa = PBXBuildFile; fileRef = 890C8F961C79947C0023AE5F /* u068.jpg */; };
		890C8FFB1C79947C0023AE5F /* u069.jpg in Resources */ = {isa = PBXBuildFile; fileRef = 890C8F971C79947C0023AE5F /* u069.jpg */; };
		890C8FFC1C79947C0023AE5F /* u070.jpg in Resources */ = {isa = PBXBuildFile; fileRef = 890C8F981C79947C0023AE5F /* u070.jpg */; };
		890C8FFD1C79947C0023AE5F /* u071.jpg in Resources */ = {isa = PBXBuildFile; fileRef = 890C8F991C79947C0023AE5F /* u071.jpg */; };
		890C8FFE1C79947C0023AE5F /* u072.jpg in Resources */ = {isa = PBXBuildFile; fileRef = 890C8F9A1C79947C0023AE5F /* u072.jpg */; };
		890C8FFF1C79947C0023AE5F /* u073.jpg in Resources */ = {isa = PBXBuildFile; fileRef = 890C8F9B1C79947C0023AE5F /* u073.jpg */; };
		890C90001C79947C0023AE5F /* u074.jpg in Resources */ = {isa = PBXBuildFile; fileRef = 890C8F9C1C79947C0023AE5F /* u074.jpg */; };
		890C90011C79947C0023AE5F /* u075.jpg in Resources */ = {isa = PBXBuildFile; fileRef = 890C8F9D1C79947C0023AE5F /* u075.jpg */; };
		890C90021C79947C0023AE5F /* u076.jpg in Resources */ = {isa = PBXBuildFile; fileRef = 890C8F9E1C79947C0023AE5F /* u076.jpg */; };
		890C90031C79947C0023AE5F /* u077.jpg in Resources */ = {isa = PBXBuildFile; fileRef = 890C8F9F1C79947C0023AE5F /* u077.jpg */; };
		890C90041C79947C0023AE5F /* u078.jpg in Resources */ = {isa = PBXBuildFile; fileRef = 890C8FA01C79947C0023AE5F /* u078.jpg */; };
		890C90051C79947C0023AE5F /* u079.jpg in Resources */ = {isa = PBXBuildFile; fileRef = 890C8FA11C79947C0023AE5F /* u079.jpg */; };
		890C90061C79947C0023AE5F /* u080.jpg in Resources */ = {isa = PBXBuildFile; fileRef = 890C8FA21C79947C0023AE5F /* u080.jpg */; };
		890C90071C79947C0023AE5F /* u081.jpg in Resources */ = {isa = PBXBuildFile; fileRef = 890C8FA31C79947C0023AE5F /* u081.jpg */; };
		890C90081C79947C0023AE5F /* u082.jpg in Resources */ = {isa = PBXBuildFile; fileRef = 890C8FA41C79947C0023AE5F /* u082.jpg */; };
		890C90091C79947C0023AE5F /* u083.jpg in Resources */ = {isa = PBXBuildFile; fileRef = 890C8FA51C79947C0023AE5F /* u083.jpg */; };
		890C900A1C79947C0023AE5F /* u084.jpg in Resources */ = {isa = PBXBuildFile; fileRef = 890C8FA61C79947C0023AE5F /* u084.jpg */; };
		890C900B1C79947C0023AE5F /* u085.jpg in Resources */ = {isa = PBXBuildFile; fileRef = 890C8FA71C79947C0023AE5F /* u085.jpg */; };
		890C900C1C79947C0023AE5F /* u086.jpg in Resources */ = {isa = PBXBuildFile; fileRef = 890C8FA81C79947C0023AE5F /* u086.jpg */; };
		890C900D1C79947C0023AE5F /* u087.jpg in Resources */ = {isa = PBXBuildFile; fileRef = 890C8FA91C79947C0023AE5F /* u087.jpg */; };
		890C900E1C79947C0023AE5F /* u088.jpg in Resources */ = {isa = PBXBuildFile; fileRef = 890C8FAA1C79947C0023AE5F /* u088.jpg */; };
		890C900F1C79947C0023AE5F /* u089.jpg in Resources */ = {isa = PBXBuildFile; fileRef = 890C8FAB1C79947C0023AE5F /* u089.jpg */; };
		890C90101C79947C0023AE5F /* u090.jpg in Resources */ = {isa = PBXBuildFile; fileRef = 890C8FAC1C79947C0023AE5F /* u090.jpg */; };
		890C90111C79947C0023AE5F /* u091.jpg in Resources */ = {isa = PBXBuildFile; fileRef = 890C8FAD1C79947C0023AE5F /* u091.jpg */; };
		890C90121C79947C0023AE5F /* u092.jpg in Resources */ = {isa = PBXBuildFile; fileRef = 890C8FAE1C79947C0023AE5F /* u092.jpg */; };
		890C90131C79947C0023AE5F /* u094.jpg in Resources */ = {isa = PBXBuildFile; fileRef = 890C8FAF1C79947C0023AE5F /* u094.jpg */; };
		890C90141C79947C0023AE5F /* u095.jpg in Resources */ = {isa = PBXBuildFile; fileRef = 890C8FB01C79947C0023AE5F /* u095.jpg */; };
		890C90151C79947C0023AE5F /* u096.jpg in Resources */ = {isa = PBXBuildFile; fileRef = 890C8FB11C79947C0023AE5F /* u096.jpg */; };
		890C90161C79947C0023AE5F /* u097.jpg in Resources */ = {isa = PBXBuildFile; fileRef = 890C8FB21C79947C0023AE5F /* u097.jpg */; };
		890C90171C79947C0023AE5F /* u098.jpg in Resources */ = {isa = PBXBuildFile; fileRef = 890C8FB31C79947C0023AE5F /* u098.jpg */; };
		890C90181C79947C0023AE5F /* u099.jpg in Resources */ = {isa = PBXBuildFile; fileRef = 890C8FB41C79947C0023AE5F /* u099.jpg */; };
		890C90191C79947C0023AE5F /* u100.jpg in Resources */ = {isa = PBXBuildFile; fileRef = 890C8FB51C79947C0023AE5F /* u100.jpg */; };
		890C901C1C7A01060023AE5F /* u093.jpg in Resources */ = {isa = PBXBuildFile; fileRef = 890C901B1C7A01060023AE5F /* u093.jpg */; };
		892D4F0B1C7596CC00741D83 /* AppDelegate.swift in Sources */ = {isa = PBXBuildFile; fileRef = 892D4F0A1C7596CC00741D83 /* AppDelegate.swift */; };
		892D4F0D1C7596CC00741D83 /* ViewController.swift in Sources */ = {isa = PBXBuildFile; fileRef = 892D4F0C1C7596CC00741D83 /* ViewController.swift */; };
		892D4F101C7596CC00741D83 /* Main.storyboard in Resources */ = {isa = PBXBuildFile; fileRef = 892D4F0E1C7596CC00741D83 /* Main.storyboard */; };
		892D4F121C7596CC00741D83 /* Assets.xcassets in Resources */ = {isa = PBXBuildFile; fileRef = 892D4F111C7596CC00741D83 /* Assets.xcassets */; };
		892D4F151C7596CC00741D83 /* LaunchScreen.storyboard in Resources */ = {isa = PBXBuildFile; fileRef = 892D4F131C7596CC00741D83 /* LaunchScreen.storyboard */; };
		892D4F201C7596CC00741D83 /* WakaQuizTests.swift in Sources */ = {isa = PBXBuildFile; fileRef = 892D4F1F1C7596CC00741D83 /* WakaQuizTests.swift */; };
		892D4F2B1C7596CC00741D83 /* WakaQuizUITests.swift in Sources */ = {isa = PBXBuildFile; fileRef = 892D4F2A1C7596CC00741D83 /* WakaQuizUITests.swift */; };
		892D4F391C7749B900741D83 /* QuizViewController.swift in Sources */ = {isa = PBXBuildFile; fileRef = 892D4F381C7749B900741D83 /* QuizViewController.swift */; };
		892D4F3B1C7749FB00741D83 /* ResultViewController.swift in Sources */ = {isa = PBXBuildFile; fileRef = 892D4F3A1C7749FB00741D83 /* ResultViewController.swift */; };
		892D4F3D1C774A3C00741D83 /* WakaListTableViewController.swift in Sources */ = {isa = PBXBuildFile; fileRef = 892D4F3C1C774A3C00741D83 /* WakaListTableViewController.swift */; };
		892D4F3F1C774AC800741D83 /* DetailViewController.swift in Sources */ = {isa = PBXBuildFile; fileRef = 892D4F3E1C774AC800741D83 /* DetailViewController.swift */; };
		892D4F441C7754E000741D83 /* tatami01-p.jpg in Resources */ = {isa = PBXBuildFile; fileRef = 892D4F411C7754E000741D83 /* tatami01-p.jpg */; };
		892D4F451C7754E000741D83 /* tatami01.jpg in Resources */ = {isa = PBXBuildFile; fileRef = 892D4F421C7754E000741D83 /* tatami01.jpg */; };
		892D4F461C7754E000741D83 /* tatami01.pat in Resources */ = {isa = PBXBuildFile; fileRef = 892D4F431C7754E000741D83 /* tatami01.pat */; };
		892D4FEB1C775B1F00741D83 /* 001.jpg in Resources */ = {isa = PBXBuildFile; fileRef = 892D4FB51C775B1F00741D83 /* 001.jpg */; };
		892D4FEC1C775B1F00741D83 /* 002.jpg in Resources */ = {isa = PBXBuildFile; fileRef = 892D4FB61C775B1F00741D83 /* 002.jpg */; };
		892D4FED1C775B1F00741D83 /* 003.jpg in Resources */ = {isa = PBXBuildFile; fileRef = 892D4FB71C775B1F00741D83 /* 003.jpg */; };
		892D4FEE1C775B1F00741D83 /* 004.jpg in Resources */ = {isa = PBXBuildFile; fileRef = 892D4FB81C775B1F00741D83 /* 004.jpg */; };
		892D4FEF1C775B1F00741D83 /* 005.jpg in Resources */ = {isa = PBXBuildFile; fileRef = 892D4FB91C775B1F00741D83 /* 005.jpg */; };
		892D4FF01C775B1F00741D83 /* 006.jpg in Resources */ = {isa = PBXBuildFile; fileRef = 892D4FBA1C775B1F00741D83 /* 006.jpg */; };
		892D4FF11C775B1F00741D83 /* 007.jpg in Resources */ = {isa = PBXBuildFile; fileRef = 892D4FBB1C775B1F00741D83 /* 007.jpg */; };
		892D4FF21C775B1F00741D83 /* 008.jpg in Resources */ = {isa = PBXBuildFile; fileRef = 892D4FBC1C775B1F00741D83 /* 008.jpg */; };
		892D4FF31C775B1F00741D83 /* 009.jpg in Resources */ = {isa = PBXBuildFile; fileRef = 892D4FBD1C775B1F00741D83 /* 009.jpg */; };
		892D4FF41C775B1F00741D83 /* 010.jpg in Resources */ = {isa = PBXBuildFile; fileRef = 892D4FBE1C775B1F00741D83 /* 010.jpg */; };
		892D4FF51C775B1F00741D83 /* 011.jpg in Resources */ = {isa = PBXBuildFile; fileRef = 892D4FBF1C775B1F00741D83 /* 011.jpg */; };
		892D4FF61C775B1F00741D83 /* 012.jpg in Resources */ = {isa = PBXBuildFile; fileRef = 892D4FC01C775B1F00741D83 /* 012.jpg */; };
		892D4FF71C775B1F00741D83 /* 013.jpg in Resources */ = {isa = PBXBuildFile; fileRef = 892D4FC11C775B1F00741D83 /* 013.jpg */; };
		892D4FF81C775B1F00741D83 /* 014.jpg in Resources */ = {isa = PBXBuildFile; fileRef = 892D4FC21C775B1F00741D83 /* 014.jpg */; };
		892D4FF91C775B1F00741D83 /* 015.jpg in Resources */ = {isa = PBXBuildFile; fileRef = 892D4FC31C775B1F00741D83 /* 015.jpg */; };
		892D4FFA1C775B1F00741D83 /* 016.jpg in Resources */ = {isa = PBXBuildFile; fileRef = 892D4FC41C775B1F00741D83 /* 016.jpg */; };
		892D4FFB1C775B1F00741D83 /* 017.jpg in Resources */ = {isa = PBXBuildFile; fileRef = 892D4FC51C775B1F00741D83 /* 017.jpg */; };
		892D4FFC1C775B1F00741D83 /* 018.jpg in Resources */ = {isa = PBXBuildFile; fileRef = 892D4FC61C775B1F00741D83 /* 018.jpg */; };
		892D4FFD1C775B1F00741D83 /* 019.jpg in Resources */ = {isa = PBXBuildFile; fileRef = 892D4FC71C775B1F00741D83 /* 019.jpg */; };
		892D4FFE1C775B1F00741D83 /* 020.jpg in Resources */ = {isa = PBXBuildFile; fileRef = 892D4FC81C775B1F00741D83 /* 020.jpg */; };
		892D4FFF1C775B1F00741D83 /* 021.jpg in Resources */ = {isa = PBXBuildFile; fileRef = 892D4FC91C775B1F00741D83 /* 021.jpg */; };
		892D50001C775B1F00741D83 /* 022.jpg in Resources */ = {isa = PBXBuildFile; fileRef = 892D4FCA1C775B1F00741D83 /* 022.jpg */; };
		892D50011C775B1F00741D83 /* 023.jpg in Resources */ = {isa = PBXBuildFile; fileRef = 892D4FCB1C775B1F00741D83 /* 023.jpg */; };
		892D50021C775B1F00741D83 /* 024.jpg in Resources */ = {isa = PBXBuildFile; fileRef = 892D4FCC1C775B1F00741D83 /* 024.jpg */; };
		892D50031C775B1F00741D83 /* 025.jpg in Resources */ = {isa = PBXBuildFile; fileRef = 892D4FCD1C775B1F00741D83 /* 025.jpg */; };
		892D50041C775B1F00741D83 /* 026.jpg in Resources */ = {isa = PBXBuildFile; fileRef = 892D4FCE1C775B1F00741D83 /* 026.jpg */; };
		892D50051C775B1F00741D83 /* 027.jpg in Resources */ = {isa = PBXBuildFile; fileRef = 892D4FCF1C775B1F00741D83 /* 027.jpg */; };
		892D50061C775B1F00741D83 /* 028.jpg in Resources */ = {isa = PBXBuildFile; fileRef = 892D4FD01C775B1F00741D83 /* 028.jpg */; };
		892D50071C775B1F00741D83 /* 029.jpg in Resources */ = {isa = PBXBuildFile; fileRef = 892D4FD11C775B1F00741D83 /* 029.jpg */; };
		892D50081C775B1F00741D83 /* 030.jpg in Resources */ = {isa = PBXBuildFile; fileRef = 892D4FD21C775B1F00741D83 /* 030.jpg */; };
		892D50091C775B1F00741D83 /* 031.jpg in Resources */ = {isa = PBXBuildFile; fileRef = 892D4FD31C775B1F00741D83 /* 031.jpg */; };
		892D500A1C775B1F00741D83 /* 032.jpg in Resources */ = {isa = PBXBuildFile; fileRef = 892D4FD41C775B1F00741D83 /* 032.jpg */; };
		892D500B1C775B1F00741D83 /* 033.jpg in Resources */ = {isa = PBXBuildFile; fileRef = 892D4FD51C775B1F00741D83 /* 033.jpg */; };
		892D500C1C775B1F00741D83 /* 034.jpg in Resources */ = {isa = PBXBuildFile; fileRef = 892D4FD61C775B1F00741D83 /* 034.jpg */; };
		892D500D1C775B1F00741D83 /* 035.jpg in Resources */ = {isa = PBXBuildFile; fileRef = 892D4FD71C775B1F00741D83 /* 035.jpg */; };
		892D500E1C775B1F00741D83 /* 036.jpg in Resources */ = {isa = PBXBuildFile; fileRef = 892D4FD81C775B1F00741D83 /* 036.jpg */; };
		892D500F1C775B1F00741D83 /* 037.jpg in Resources */ = {isa = PBXBuildFile; fileRef = 892D4FD91C775B1F00741D83 /* 037.jpg */; };
		892D50101C775B1F00741D83 /* 038.jpg in Resources */ = {isa = PBXBuildFile; fileRef = 892D4FDA1C775B1F00741D83 /* 038.jpg */; };
		892D50111C775B1F00741D83 /* 039.jpg in Resources */ = {isa = PBXBuildFile; fileRef = 892D4FDB1C775B1F00741D83 /* 039.jpg */; };
		892D50121C775B1F00741D83 /* 040.jpg in Resources */ = {isa = PBXBuildFile; fileRef = 892D4FDC1C775B1F00741D83 /* 040.jpg */; };
		892D50131C775B1F00741D83 /* 041.jpg in Resources */ = {isa = PBXBuildFile; fileRef = 892D4FDD1C775B1F00741D83 /* 041.jpg */; };
		892D50141C775B1F00741D83 /* 042.jpg in Resources */ = {isa = PBXBuildFile; fileRef = 892D4FDE1C775B1F00741D83 /* 042.jpg */; };
		892D50151C775B1F00741D83 /* 043.jpg in Resources */ = {isa = PBXBuildFile; fileRef = 892D4FDF1C775B1F00741D83 /* 043.jpg */; };
		892D50161C775B1F00741D83 /* 044.jpg in Resources */ = {isa = PBXBuildFile; fileRef = 892D4FE01C775B1F00741D83 /* 044.jpg */; };
		892D50171C775B1F00741D83 /* 045.jpg in Resources */ = {isa = PBXBuildFile; fileRef = 892D4FE11C775B1F00741D83 /* 045.jpg */; };
		892D50181C775B1F00741D83 /* 046.jpg in Resources */ = {isa = PBXBuildFile; fileRef = 892D4FE21C775B1F00741D83 /* 046.jpg */; };
		892D50191C775B1F00741D83 /* 047.jpg in Resources */ = {isa = PBXBuildFile; fileRef = 892D4FE31C775B1F00741D83 /* 047.jpg */; };
		892D501A1C775B1F00741D83 /* 048.jpg in Resources */ = {isa = PBXBuildFile; fileRef = 892D4FE41C775B1F00741D83 /* 048.jpg */; };
		892D501B1C775B1F00741D83 /* 049.jpg in Resources */ = {isa = PBXBuildFile; fileRef = 892D4FE51C775B1F00741D83 /* 049.jpg */; };
		892D501C1C775B1F00741D83 /* 050.jpg in Resources */ = {isa = PBXBuildFile; fileRef = 892D4FE61C775B1F00741D83 /* 050.jpg */; };
		892D501D1C775B1F00741D83 /* 051.jpg in Resources */ = {isa = PBXBuildFile; fileRef = 892D4FE71C775B1F00741D83 /* 051.jpg */; };
		892D501E1C775B1F00741D83 /* 052.jpg in Resources */ = {isa = PBXBuildFile; fileRef = 892D4FE81C775B1F00741D83 /* 052.jpg */; };
		892D501F1C775B1F00741D83 /* 053.jpg in Resources */ = {isa = PBXBuildFile; fileRef = 892D4FE91C775B1F00741D83 /* 053.jpg */; };
		892D50201C775B1F00741D83 /* 054.jpg in Resources */ = {isa = PBXBuildFile; fileRef = 892D4FEA1C775B1F00741D83 /* 054.jpg */; };
		892D50251C78152600741D83 /* result1.jpg in Resources */ = {isa = PBXBuildFile; fileRef = 892D50221C78152600741D83 /* result1.jpg */; };
		892D50261C78152600741D83 /* result2.jpg in Resources */ = {isa = PBXBuildFile; fileRef = 892D50231C78152600741D83 /* result2.jpg */; };
		892D50271C78152600741D83 /* result3.jpg in Resources */ = {isa = PBXBuildFile; fileRef = 892D50241C78152600741D83 /* result3.jpg */; };
/* End PBXBuildFile section */

/* Begin PBXContainerItemProxy section */
		892D4F1C1C7596CC00741D83 /* PBXContainerItemProxy */ = {
			isa = PBXContainerItemProxy;
			containerPortal = 892D4EFF1C7596CC00741D83 /* Project object */;
			proxyType = 1;
			remoteGlobalIDString = 892D4F061C7596CC00741D83;
			remoteInfo = WakaQuiz;
		};
		892D4F271C7596CC00741D83 /* PBXContainerItemProxy */ = {
			isa = PBXContainerItemProxy;
			containerPortal = 892D4EFF1C7596CC00741D83 /* Project object */;
			proxyType = 1;
			remoteGlobalIDString = 892D4F061C7596CC00741D83;
			remoteInfo = WakaQuiz;
		};
/* End PBXContainerItemProxy section */

/* Begin PBXFileReference section */
		890C8F4C1C798B2C0023AE5F /* Default-568h@2x.png */ = {isa = PBXFileReference; lastKnownFileType = image.png; path = "Default-568h@2x.png"; sourceTree = "<group>"; };
		890C8F4D1C798B2C0023AE5F /* Default-667h@2x.png */ = {isa = PBXFileReference; lastKnownFileType = image.png; path = "Default-667h@2x.png"; sourceTree = "<group>"; };
		890C8F4E1C798B2C0023AE5F /* Default-736h@3x.png */ = {isa = PBXFileReference; lastKnownFileType = image.png; path = "Default-736h@3x.png"; sourceTree = "<group>"; };
		890C8F531C79947C0023AE5F /* u001.jpg */ = {isa = PBXFileReference; lastKnownFileType = image.jpeg; path = u001.jpg; sourceTree = "<group>"; };
		890C8F541C79947C0023AE5F /* u002.jpg */ = {isa = PBXFileReference; lastKnownFileType = image.jpeg; path = u002.jpg; sourceTree = "<group>"; };
		890C8F551C79947C0023AE5F /* u003.jpg */ = {isa = PBXFileReference; lastKnownFileType = image.jpeg; path = u003.jpg; sourceTree = "<group>"; };
		890C8F561C79947C0023AE5F /* u004.jpg */ = {isa = PBXFileReference; lastKnownFileType = image.jpeg; path = u004.jpg; sourceTree = "<group>"; };
		890C8F571C79947C0023AE5F /* u005.jpg */ = {isa = PBXFileReference; lastKnownFileType = image.jpeg; path = u005.jpg; sourceTree = "<group>"; };
		890C8F581C79947C0023AE5F /* u006.jpg */ = {isa = PBXFileReference; lastKnownFileType = image.jpeg; path = u006.jpg; sourceTree = "<group>"; };
		890C8F591C79947C0023AE5F /* u007.jpg */ = {isa = PBXFileReference; lastKnownFileType = image.jpeg; path = u007.jpg; sourceTree = "<group>"; };
		890C8F5A1C79947C0023AE5F /* u008.jpg */ = {isa = PBXFileReference; lastKnownFileType = image.jpeg; path = u008.jpg; sourceTree = "<group>"; };
		890C8F5B1C79947C0023AE5F /* u009.jpg */ = {isa = PBXFileReference; lastKnownFileType = image.jpeg; path = u009.jpg; sourceTree = "<group>"; };
		890C8F5C1C79947C0023AE5F /* u010.jpg */ = {isa = PBXFileReference; lastKnownFileType = image.jpeg; path = u010.jpg; sourceTree = "<group>"; };
		890C8F5D1C79947C0023AE5F /* u011.jpg */ = {isa = PBXFileReference; lastKnownFileType = image.jpeg; path = u011.jpg; sourceTree = "<group>"; };
		890C8F5E1C79947C0023AE5F /* u012.jpg */ = {isa = PBXFileReference; lastKnownFileType = image.jpeg; path = u012.jpg; sourceTree = "<group>"; };
		890C8F5F1C79947C0023AE5F /* u013.jpg */ = {isa = PBXFileReference; lastKnownFileType = image.jpeg; path = u013.jpg; sourceTree = "<group>"; };
		890C8F601C79947C0023AE5F /* u014.jpg */ = {isa = PBXFileReference; lastKnownFileType = image.jpeg; path = u014.jpg; sourceTree = "<group>"; };
		890C8F611C79947C0023AE5F /* u015.jpg */ = {isa = PBXFileReference; lastKnownFileType = image.jpeg; path = u015.jpg; sourceTree = "<group>"; };
		890C8F621C79947C0023AE5F /* u016.jpg */ = {isa = PBXFileReference; lastKnownFileType = image.jpeg; path = u016.jpg; sourceTree = "<group>"; };
		890C8F631C79947C0023AE5F /* u017.jpg */ = {isa = PBXFileReference; lastKnownFileType = image.jpeg; path = u017.jpg; sourceTree = "<group>"; };
		890C8F641C79947C0023AE5F /* u018.jpg */ = {isa = PBXFileReference; lastKnownFileType = image.jpeg; path = u018.jpg; sourceTree = "<group>"; };
		890C8F651C79947C0023AE5F /* u019.jpg */ = {isa = PBXFileReference; lastKnownFileType = image.jpeg; path = u019.jpg; sourceTree = "<group>"; };
		890C8F661C79947C0023AE5F /* u020.jpg */ = {isa = PBXFileReference; lastKnownFileType = image.jpeg; path = u020.jpg; sourceTree = "<group>"; };
		890C8F671C79947C0023AE5F /* u021.jpg */ = {isa = PBXFileReference; lastKnownFileType = image.jpeg; path = u021.jpg; sourceTree = "<group>"; };
		890C8F681C79947C0023AE5F /* u022.jpg */ = {isa = PBXFileReference; lastKnownFileType = image.jpeg; path = u022.jpg; sourceTree = "<group>"; };
		890C8F691C79947C0023AE5F /* u023.jpg */ = {isa = PBXFileReference; lastKnownFileType = image.jpeg; path = u023.jpg; sourceTree = "<group>"; };
		890C8F6A1C79947C0023AE5F /* u024.jpg */ = {isa = PBXFileReference; lastKnownFileType = image.jpeg; path = u024.jpg; sourceTree = "<group>"; };
		890C8F6B1C79947C0023AE5F /* u025.jpg */ = {isa = PBXFileReference; lastKnownFileType = image.jpeg; path = u025.jpg; sourceTree = "<group>"; };
		890C8F6C1C79947C0023AE5F /* u026.jpg */ = {isa = PBXFileReference; lastKnownFileType = image.jpeg; path = u026.jpg; sourceTree = "<group>"; };
		890C8F6D1C79947C0023AE5F /* u027.jpg */ = {isa = PBXFileReference; lastKnownFileType = image.jpeg; path = u027.jpg; sourceTree = "<group>"; };
		890C8F6E1C79947C0023AE5F /* u028.jpg */ = {isa = PBXFileReference; lastKnownFileType = image.jpeg; path = u028.jpg; sourceTree = "<group>"; };
		890C8F6F1C79947C0023AE5F /* u029.jpg */ = {isa = PBXFileReference; lastKnownFileType = image.jpeg; path = u029.jpg; sourceTree = "<group>"; };
		890C8F701C79947C0023AE5F /* u030.jpg */ = {isa = PBXFileReference; lastKnownFileType = image.jpeg; path = u030.jpg; sourceTree = "<group>"; };
		890C8F711C79947C0023AE5F /* u031.jpg */ = {isa = PBXFileReference; lastKnownFileType = image.jpeg; path = u031.jpg; sourceTree = "<group>"; };
		890C8F721C79947C0023AE5F /* u032.jpg */ = {isa = PBXFileReference; lastKnownFileType = image.jpeg; path = u032.jpg; sourceTree = "<group>"; };
		890C8F731C79947C0023AE5F /* u033.jpg */ = {isa = PBXFileReference; lastKnownFileType = image.jpeg; path = u033.jpg; sourceTree = "<group>"; };
		890C8F741C79947C0023AE5F /* u034.jpg */ = {isa = PBXFileReference; lastKnownFileType = image.jpeg; path = u034.jpg; sourceTree = "<group>"; };
		890C8F751C79947C0023AE5F /* u035.jpg */ = {isa = PBXFileReference; lastKnownFileType = image.jpeg; path = u035.jpg; sourceTree = "<group>"; };
		890C8F761C79947C0023AE5F /* u036.jpg */ = {isa = PBXFileReference; lastKnownFileType = image.jpeg; path = u036.jpg; sourceTree = "<group>"; };
		890C8F771C79947C0023AE5F /* u037.jpg */ = {isa = PBXFileReference; lastKnownFileType = image.jpeg; path = u037.jpg; sourceTree = "<group>"; };
		890C8F781C79947C0023AE5F /* u038.jpg */ = {isa = PBXFileReference; lastKnownFileType = image.jpeg; path = u038.jpg; sourceTree = "<group>"; };
		890C8F791C79947C0023AE5F /* u039.jpg */ = {isa = PBXFileReference; lastKnownFileType = image.jpeg; path = u039.jpg; sourceTree = "<group>"; };
		890C8F7A1C79947C0023AE5F /* u040.jpg */ = {isa = PBXFileReference; lastKnownFileType = image.jpeg; path = u040.jpg; sourceTree = "<group>"; };
		890C8F7B1C79947C0023AE5F /* u041.jpg */ = {isa = PBXFileReference; lastKnownFileType = image.jpeg; path = u041.jpg; sourceTree = "<group>"; };
		890C8F7C1C79947C0023AE5F /* u042.jpg */ = {isa = PBXFileReference; lastKnownFileType = image.jpeg; path = u042.jpg; sourceTree = "<group>"; };
		890C8F7D1C79947C0023AE5F /* u043.jpg */ = {isa = PBXFileReference; lastKnownFileType = image.jpeg; path = u043.jpg; sourceTree = "<group>"; };
		890C8F7E1C79947C0023AE5F /* u044.jpg */ = {isa = PBXFileReference; lastKnownFileType = image.jpeg; path = u044.jpg; sourceTree = "<group>"; };
		890C8F7F1C79947C0023AE5F /* u045.jpg */ = {isa = PBXFileReference; lastKnownFileType = image.jpeg; path = u045.jpg; sourceTree = "<group>"; };
		890C8F801C79947C0023AE5F /* u046.jpg */ = {isa = PBXFileReference; lastKnownFileType = image.jpeg; path = u046.jpg; sourceTree = "<group>"; };
		890C8F811C79947C0023AE5F /* u047.jpg */ = {isa = PBXFileReference; lastKnownFileType = image.jpeg; path = u047.jpg; sourceTree = "<group>"; };
		890C8F821C79947C0023AE5F /* u048.jpg */ = {isa = PBXFileReference; lastKnownFileType = image.jpeg; path = u048.jpg; sourceTree = "<group>"; };
		890C8F831C79947C0023AE5F /* u049.jpg */ = {isa = PBXFileReference; lastKnownFileType = image.jpeg; path = u049.jpg; sourceTree = "<group>"; };
		890C8F841C79947C0023AE5F /* u050.jpg */ = {isa = PBXFileReference; lastKnownFileType = image.jpeg; path = u050.jpg; sourceTree = "<group>"; };
		890C8F851C79947C0023AE5F /* u051.jpg */ = {isa = PBXFileReference; lastKnownFileType = image.jpeg; path = u051.jpg; sourceTree = "<group>"; };
		890C8F861C79947C0023AE5F /* u052.jpg */ = {isa = PBXFileReference; lastKnownFileType = image.jpeg; path = u052.jpg; sourceTree = "<group>"; };
		890C8F871C79947C0023AE5F /* u053.jpg */ = {isa = PBXFileReference; lastKnownFileType = image.jpeg; path = u053.jpg; sourceTree = "<group>"; };
		890C8F881C79947C0023AE5F /* u054.jpg */ = {isa = PBXFileReference; lastKnownFileType = image.jpeg; path = u054.jpg; sourceTree = "<group>"; };
		890C8F891C79947C0023AE5F /* u055.jpg */ = {isa = PBXFileReference; lastKnownFileType = image.jpeg; path = u055.jpg; sourceTree = "<group>"; };
		890C8F8A1C79947C0023AE5F /* u056.jpg */ = {isa = PBXFileReference; lastKnownFileType = image.jpeg; path = u056.jpg; sourceTree = "<group>"; };
		890C8F8B1C79947C0023AE5F /* u057.jpg */ = {isa = PBXFileReference; lastKnownFileType = image.jpeg; path = u057.jpg; sourceTree = "<group>"; };
		890C8F8C1C79947C0023AE5F /* u058.jpg */ = {isa = PBXFileReference; lastKnownFileType = image.jpeg; path = u058.jpg; sourceTree = "<group>"; };
		890C8F8D1C79947C0023AE5F /* u059.jpg */ = {isa = PBXFileReference; lastKnownFileType = image.jpeg; path = u059.jpg; sourceTree = "<group>"; };
		890C8F8E1C79947C0023AE5F /* u060.jpg */ = {isa = PBXFileReference; lastKnownFileType = image.jpeg; path = u060.jpg; sourceTree = "<group>"; };
		890C8F8F1C79947C0023AE5F /* u061.jpg */ = {isa = PBXFileReference; lastKnownFileType = image.jpeg; path = u061.jpg; sourceTree = "<group>"; };
		890C8F901C79947C0023AE5F /* u062.jpg */ = {isa = PBXFileReference; lastKnownFileType = image.jpeg; path = u062.jpg; sourceTree = "<group>"; };
		890C8F911C79947C0023AE5F /* u063.jpg */ = {isa = PBXFileReference; lastKnownFileType = image.jpeg; path = u063.jpg; sourceTree = "<group>"; };
		890C8F921C79947C0023AE5F /* u064.jpg */ = {isa = PBXFileReference; lastKnownFileType = image.jpeg; path = u064.jpg; sourceTree = "<group>"; };
		890C8F931C79947C0023AE5F /* u065.jpg */ = {isa = PBXFileReference; lastKnownFileType = image.jpeg; path = u065.jpg; sourceTree = "<group>"; };
		890C8F941C79947C0023AE5F /* u066.jpg */ = {isa = PBXFileReference; lastKnownFileType = image.jpeg; path = u066.jpg; sourceTree = "<group>"; };
		890C8F951C79947C0023AE5F /* u067.jpg */ = {isa = PBXFileReference; lastKnownFileType = image.jpeg; path = u067.jpg; sourceTree = "<group>"; };
		890C8F961C79947C0023AE5F /* u068.jpg */ = {isa = PBXFileReference; lastKnownFileType = image.jpeg; path = u068.jpg; sourceTree = "<group>"; };
		890C8F971C79947C0023AE5F /* u069.jpg */ = {isa = PBXFileReference; lastKnownFileType = image.jpeg; path = u069.jpg; sourceTree = "<group>"; };
		890C8F981C79947C0023AE5F /* u070.jpg */ = {isa = PBXFileReference; lastKnownFileType = image.jpeg; path = u070.jpg; sourceTree = "<group>"; };
		890C8F991C79947C0023AE5F /* u071.jpg */ = {isa = PBXFileReference; lastKnownFileType = image.jpeg; path = u071.jpg; sourceTree = "<group>"; };
		890C8F9A1C79947C0023AE5F /* u072.jpg */ = {isa = PBXFileReference; lastKnownFileType = image.jpeg; path = u072.jpg; sourceTree = "<group>"; };
		890C8F9B1C79947C0023AE5F /* u073.jpg */ = {isa = PBXFileReference; lastKnownFileType = image.jpeg; path = u073.jpg; sourceTree = "<group>"; };
		890C8F9C1C79947C0023AE5F /* u074.jpg */ = {isa = PBXFileReference; lastKnownFileType = image.jpeg; path = u074.jpg; sourceTree = "<group>"; };
		890C8F9D1C79947C0023AE5F /* u075.jpg */ = {isa = PBXFileReference; lastKnownFileType = image.jpeg; path = u075.jpg; sourceTree = "<group>"; };
		890C8F9E1C79947C0023AE5F /* u076.jpg */ = {isa = PBXFileReference; lastKnownFileType = image.jpeg; path = u076.jpg; sourceTree = "<group>"; };
		890C8F9F1C79947C0023AE5F /* u077.jpg */ = {isa = PBXFileReference; lastKnownFileType = image.jpeg; path = u077.jpg; sourceTree = "<group>"; };
		890C8FA01C79947C0023AE5F /* u078.jpg */ = {isa = PBXFileReference; lastKnownFileType = image.jpeg; path = u078.jpg; sourceTree = "<group>"; };
		890C8FA11C79947C0023AE5F /* u079.jpg */ = {isa = PBXFileReference; lastKnownFileType = image.jpeg; path = u079.jpg; sourceTree = "<group>"; };
		890C8FA21C79947C0023AE5F /* u080.jpg */ = {isa = PBXFileReference; lastKnownFileType = image.jpeg; path = u080.jpg; sourceTree = "<group>"; };
		890C8FA31C79947C0023AE5F /* u081.jpg */ = {isa = PBXFileReference; lastKnownFileType = image.jpeg; path = u081.jpg; sourceTree = "<group>"; };
		890C8FA41C79947C0023AE5F /* u082.jpg */ = {isa = PBXFileReference; lastKnownFileType = image.jpeg; path = u082.jpg; sourceTree = "<group>"; };
		890C8FA51C79947C0023AE5F /* u083.jpg */ = {isa = PBXFileReference; lastKnownFileType = image.jpeg; path = u083.jpg; sourceTree = "<group>"; };
		890C8FA61C79947C0023AE5F /* u084.jpg */ = {isa = PBXFileReference; lastKnownFileType = image.jpeg; path = u084.jpg; sourceTree = "<group>"; };
		890C8FA71C79947C0023AE5F /* u085.jpg */ = {isa = PBXFileReference; lastKnownFileType = image.jpeg; path = u085.jpg; sourceTree = "<group>"; };
		890C8FA81C79947C0023AE5F /* u086.jpg */ = {isa = PBXFileReference; lastKnownFileType = image.jpeg; path = u086.jpg; sourceTree = "<group>"; };
		890C8FA91C79947C0023AE5F /* u087.jpg */ = {isa = PBXFileReference; lastKnownFileType = image.jpeg; path = u087.jpg; sourceTree = "<group>"; };
		890C8FAA1C79947C0023AE5F /* u088.jpg */ = {isa = PBXFileReference; lastKnownFileType = image.jpeg; path = u088.jpg; sourceTree = "<group>"; };
		890C8FAB1C79947C0023AE5F /* u089.jpg */ = {isa = PBXFileReference; lastKnownFileType = image.jpeg; path = u089.jpg; sourceTree = "<group>"; };
		890C8FAC1C79947C0023AE5F /* u090.jpg */ = {isa = PBXFileReference; lastKnownFileType = image.jpeg; path = u090.jpg; sourceTree = "<group>"; };
		890C8FAD1C79947C0023AE5F /* u091.jpg */ = {isa = PBXFileReference; lastKnownFileType = image.jpeg; path = u091.jpg; sourceTree = "<group>"; };
		890C8FAE1C79947C0023AE5F /* u092.jpg */ = {isa = PBXFileReference; lastKnownFileType = image.jpeg; path = u092.jpg; sourceTree = "<group>"; };
		890C8FAF1C79947C0023AE5F /* u094.jpg */ = {isa = PBXFileReference; lastKnownFileType = image.jpeg; path = u094.jpg; sourceTree = "<group>"; };
		890C8FB01C79947C0023AE5F /* u095.jpg */ = {isa = PBXFileReference; lastKnownFileType = image.jpeg; path = u095.jpg; sourceTree = "<group>"; };
		890C8FB11C79947C0023AE5F /* u096.jpg */ = {isa = PBXFileReference; lastKnownFileType = image.jpeg; path = u096.jpg; sourceTree = "<group>"; };
		890C8FB21C79947C0023AE5F /* u097.jpg */ = {isa = PBXFileReference; lastKnownFileType = image.jpeg; path = u097.jpg; sourceTree = "<group>"; };
		890C8FB31C79947C0023AE5F /* u098.jpg */ = {isa = PBXFileReference; lastKnownFileType = image.jpeg; path = u098.jpg; sourceTree = "<group>"; };
		890C8FB41C79947C0023AE5F /* u099.jpg */ = {isa = PBXFileReference; lastKnownFileType = image.jpeg; path = u099.jpg; sourceTree = "<group>"; };
		890C8FB51C79947C0023AE5F /* u100.jpg */ = {isa = PBXFileReference; lastKnownFileType = image.jpeg; path = u100.jpg; sourceTree = "<group>"; };
		890C901B1C7A01060023AE5F /* u093.jpg */ = {isa = PBXFileReference; lastKnownFileType = image.jpeg; path = u093.jpg; sourceTree = "<group>"; };
		892D4F071C7596CC00741D83 /* WakaQuiz.app */ = {isa = PBXFileReference; explicitFileType = wrapper.application; includeInIndex = 0; path = WakaQuiz.app; sourceTree = BUILT_PRODUCTS_DIR; };
		892D4F0A1C7596CC00741D83 /* AppDelegate.swift */ = {isa = PBXFileReference; lastKnownFileType = sourcecode.swift; path = AppDelegate.swift; sourceTree = "<group>"; };
		892D4F0C1C7596CC00741D83 /* ViewController.swift */ = {isa = PBXFileReference; lastKnownFileType = sourcecode.swift; path = ViewController.swift; sourceTree = "<group>"; };
		892D4F0F1C7596CC00741D83 /* Base */ = {isa = PBXFileReference; lastKnownFileType = file.storyboard; name = Base; path = Base.lproj/Main.storyboard; sourceTree = "<group>"; };
		892D4F111C7596CC00741D83 /* Assets.xcassets */ = {isa = PBXFileReference; lastKnownFileType = folder.assetcatalog; path = Assets.xcassets; sourceTree = "<group>"; };
		892D4F141C7596CC00741D83 /* Base */ = {isa = PBXFileReference; lastKnownFileType = file.storyboard; name = Base; path = Base.lproj/LaunchScreen.storyboard; sourceTree = "<group>"; };
		892D4F161C7596CC00741D83 /* Info.plist */ = {isa = PBXFileReference; lastKnownFileType = text.plist.xml; path = Info.plist; sourceTree = "<group>"; };
		892D4F1B1C7596CC00741D83 /* WakaQuizTests.xctest */ = {isa = PBXFileReference; explicitFileType = wrapper.cfbundle; includeInIndex = 0; path = WakaQuizTests.xctest; sourceTree = BUILT_PRODUCTS_DIR; };
		892D4F1F1C7596CC00741D83 /* WakaQuizTests.swift */ = {isa = PBXFileReference; lastKnownFileType = sourcecode.swift; path = WakaQuizTests.swift; sourceTree = "<group>"; };
		892D4F211C7596CC00741D83 /* Info.plist */ = {isa = PBXFileReference; lastKnownFileType = text.plist.xml; path = Info.plist; sourceTree = "<group>"; };
		892D4F261C7596CC00741D83 /* WakaQuizUITests.xctest */ = {isa = PBXFileReference; explicitFileType = wrapper.cfbundle; includeInIndex = 0; path = WakaQuizUITests.xctest; sourceTree = BUILT_PRODUCTS_DIR; };
		892D4F2A1C7596CC00741D83 /* WakaQuizUITests.swift */ = {isa = PBXFileReference; lastKnownFileType = sourcecode.swift; path = WakaQuizUITests.swift; sourceTree = "<group>"; };
		892D4F2C1C7596CC00741D83 /* Info.plist */ = {isa = PBXFileReference; lastKnownFileType = text.plist.xml; path = Info.plist; sourceTree = "<group>"; };
		892D4F381C7749B900741D83 /* QuizViewController.swift */ = {isa = PBXFileReference; fileEncoding = 4; lastKnownFileType = sourcecode.swift; path = QuizViewController.swift; sourceTree = "<group>"; };
		892D4F3A1C7749FB00741D83 /* ResultViewController.swift */ = {isa = PBXFileReference; fileEncoding = 4; lastKnownFileType = sourcecode.swift; path = ResultViewController.swift; sourceTree = "<group>"; };
		892D4F3C1C774A3C00741D83 /* WakaListTableViewController.swift */ = {isa = PBXFileReference; fileEncoding = 4; lastKnownFileType = sourcecode.swift; path = WakaListTableViewController.swift; sourceTree = "<group>"; };
		892D4F3E1C774AC800741D83 /* DetailViewController.swift */ = {isa = PBXFileReference; fileEncoding = 4; lastKnownFileType = sourcecode.swift; path = DetailViewController.swift; sourceTree = "<group>"; };
		892D4F411C7754E000741D83 /* tatami01-p.jpg */ = {isa = PBXFileReference; lastKnownFileType = image.jpeg; path = "tatami01-p.jpg"; sourceTree = "<group>"; };
		892D4F421C7754E000741D83 /* tatami01.jpg */ = {isa = PBXFileReference; lastKnownFileType = image.jpeg; path = tatami01.jpg; sourceTree = "<group>"; };
		892D4F431C7754E000741D83 /* tatami01.pat */ = {isa = PBXFileReference; lastKnownFileType = file; path = tatami01.pat; sourceTree = "<group>"; };
		892D4FB51C775B1F00741D83 /* 001.jpg */ = {isa = PBXFileReference; lastKnownFileType = image.jpeg; path = 001.jpg; sourceTree = "<group>"; };
		892D4FB61C775B1F00741D83 /* 002.jpg */ = {isa = PBXFileReference; lastKnownFileType = image.jpeg; path = 002.jpg; sourceTree = "<group>"; };
		892D4FB71C775B1F00741D83 /* 003.jpg */ = {isa = PBXFileReference; lastKnownFileType = image.jpeg; path = 003.jpg; sourceTree = "<group>"; };
		892D4FB81C775B1F00741D83 /* 004.jpg */ = {isa = PBXFileReference; lastKnownFileType = image.jpeg; path = 004.jpg; sourceTree = "<group>"; };
		892D4FB91C775B1F00741D83 /* 005.jpg */ = {isa = PBXFileReference; lastKnownFileType = image.jpeg; path = 005.jpg; sourceTree = "<group>"; };
		892D4FBA1C775B1F00741D83 /* 006.jpg */ = {isa = PBXFileReference; lastKnownFileType = image.jpeg; path = 006.jpg; sourceTree = "<group>"; };
		892D4FBB1C775B1F00741D83 /* 007.jpg */ = {isa = PBXFileReference; lastKnownFileType = image.jpeg; path = 007.jpg; sourceTree = "<group>"; };
		892D4FBC1C775B1F00741D83 /* 008.jpg */ = {isa = PBXFileReference; lastKnownFileType = image.jpeg; path = 008.jpg; sourceTree = "<group>"; };
		892D4FBD1C775B1F00741D83 /* 009.jpg */ = {isa = PBXFileReference; lastKnownFileType = image.jpeg; path = 009.jpg; sourceTree = "<group>"; };
		892D4FBE1C775B1F00741D83 /* 010.jpg */ = {isa = PBXFileReference; lastKnownFileType = image.jpeg; path = 010.jpg; sourceTree = "<group>"; };
		892D4FBF1C775B1F00741D83 /* 011.jpg */ = {isa = PBXFileReference; lastKnownFileType = image.jpeg; path = 011.jpg; sourceTree = "<group>"; };
		892D4FC01C775B1F00741D83 /* 012.jpg */ = {isa = PBXFileReference; lastKnownFileType = image.jpeg; path = 012.jpg; sourceTree = "<group>"; };
		892D4FC11C775B1F00741D83 /* 013.jpg */ = {isa = PBXFileReference; lastKnownFileType = image.jpeg; path = 013.jpg; sourceTree = "<group>"; };
		892D4FC21C775B1F00741D83 /* 014.jpg */ = {isa = PBXFileReference; lastKnownFileType = image.jpeg; path = 014.jpg; sourceTree = "<group>"; };
		892D4FC31C775B1F00741D83 /* 015.jpg */ = {isa = PBXFileReference; lastKnownFileType = image.jpeg; path = 015.jpg; sourceTree = "<group>"; };
		892D4FC41C775B1F00741D83 /* 016.jpg */ = {isa = PBXFileReference; lastKnownFileType = image.jpeg; path = 016.jpg; sourceTree = "<group>"; };
		892D4FC51C775B1F00741D83 /* 017.jpg */ = {isa = PBXFileReference; lastKnownFileType = image.jpeg; path = 017.jpg; sourceTree = "<group>"; };
		892D4FC61C775B1F00741D83 /* 018.jpg */ = {isa = PBXFileReference; lastKnownFileType = image.jpeg; path = 018.jpg; sourceTree = "<group>"; };
		892D4FC71C775B1F00741D83 /* 019.jpg */ = {isa = PBXFileReference; lastKnownFileType = image.jpeg; path = 019.jpg; sourceTree = "<group>"; };
		892D4FC81C775B1F00741D83 /* 020.jpg */ = {isa = PBXFileReference; lastKnownFileType = image.jpeg; path = 020.jpg; sourceTree = "<group>"; };
		892D4FC91C775B1F00741D83 /* 021.jpg */ = {isa = PBXFileReference; lastKnownFileType = image.jpeg; path = 021.jpg; sourceTree = "<group>"; };
		892D4FCA1C775B1F00741D83 /* 022.jpg */ = {isa = PBXFileReference; lastKnownFileType = image.jpeg; path = 022.jpg; sourceTree = "<group>"; };
		892D4FCB1C775B1F00741D83 /* 023.jpg */ = {isa = PBXFileReference; lastKnownFileType = image.jpeg; path = 023.jpg; sourceTree = "<group>"; };
		892D4FCC1C775B1F00741D83 /* 024.jpg */ = {isa = PBXFileReference; lastKnownFileType = image.jpeg; path = 024.jpg; sourceTree = "<group>"; };
		892D4FCD1C775B1F00741D83 /* 025.jpg */ = {isa = PBXFileReference; lastKnownFileType = image.jpeg; path = 025.jpg; sourceTree = "<group>"; };
		892D4FCE1C775B1F00741D83 /* 026.jpg */ = {isa = PBXFileReference; lastKnownFileType = image.jpeg; path = 026.jpg; sourceTree = "<group>"; };
		892D4FCF1C775B1F00741D83 /* 027.jpg */ = {isa = PBXFileReference; lastKnownFileType = image.jpeg; path = 027.jpg; sourceTree = "<group>"; };
		892D4FD01C775B1F00741D83 /* 028.jpg */ = {isa = PBXFileReference; lastKnownFileType = image.jpeg; path = 028.jpg; sourceTree = "<group>"; };
		892D4FD11C775B1F00741D83 /* 029.jpg */ = {isa = PBXFileReference; lastKnownFileType = image.jpeg; path = 029.jpg; sourceTree = "<group>"; };
		892D4FD21C775B1F00741D83 /* 030.jpg */ = {isa = PBXFileReference; lastKnownFileType = image.jpeg; path = 030.jpg; sourceTree = "<group>"; };
		892D4FD31C775B1F00741D83 /* 031.jpg */ = {isa = PBXFileReference; lastKnownFileType = image.jpeg; path = 031.jpg; sourceTree = "<group>"; };
		892D4FD41C775B1F00741D83 /* 032.jpg */ = {isa = PBXFileReference; lastKnownFileType = image.jpeg; path = 032.jpg; sourceTree = "<group>"; };
		892D4FD51C775B1F00741D83 /* 033.jpg */ = {isa = PBXFileReference; lastKnownFileType = image.jpeg; path = 033.jpg; sourceTree = "<group>"; };
		892D4FD61C775B1F00741D83 /* 034.jpg */ = {isa = PBXFileReference; lastKnownFileType = image.jpeg; path = 034.jpg; sourceTree = "<group>"; };
		892D4FD71C775B1F00741D83 /* 035.jpg */ = {isa = PBXFileReference; lastKnownFileType = image.jpeg; path = 035.jpg; sourceTree = "<group>"; };
		892D4FD81C775B1F00741D83 /* 036.jpg */ = {isa = PBXFileReference; lastKnownFileType = image.jpeg; path = 036.jpg; sourceTree = "<group>"; };
		892D4FD91C775B1F00741D83 /* 037.jpg */ = {isa = PBXFileReference; lastKnownFileType = image.jpeg; path = 037.jpg; sourceTree = "<group>"; };
		892D4FDA1C775B1F00741D83 /* 038.jpg */ = {isa = PBXFileReference; lastKnownFileType = image.jpeg; path = 038.jpg; sourceTree = "<group>"; };
		892D4FDB1C775B1F00741D83 /* 039.jpg */ = {isa = PBXFileReference; lastKnownFileType = image.jpeg; path = 039.jpg; sourceTree = "<group>"; };
		892D4FDC1C775B1F00741D83 /* 040.jpg */ = {isa = PBXFileReference; lastKnownFileType = image.jpeg; path = 040.jpg; sourceTree = "<group>"; };
		892D4FDD1C775B1F00741D83 /* 041.jpg */ = {isa = PBXFileReference; lastKnownFileType = image.jpeg; path = 041.jpg; sourceTree = "<group>"; };
		892D4FDE1C775B1F00741D83 /* 042.jpg */ = {isa = PBXFileReference; lastKnownFileType = image.jpeg; path = 042.jpg; sourceTree = "<group>"; };
		892D4FDF1C775B1F00741D83 /* 043.jpg */ = {isa = PBXFileReference; lastKnownFileType = image.jpeg; path = 043.jpg; sourceTree = "<group>"; };
		892D4FE01C775B1F00741D83 /* 044.jpg */ = {isa = PBXFileReference; lastKnownFileType = image.jpeg; path = 044.jpg; sourceTree = "<group>"; };
		892D4FE11C775B1F00741D83 /* 045.jpg */ = {isa = PBXFileReference; lastKnownFileType = image.jpeg; path = 045.jpg; sourceTree = "<group>"; };
		892D4FE21C775B1F00741D83 /* 046.jpg */ = {isa = PBXFileReference; lastKnownFileType = image.jpeg; path = 046.jpg; sourceTree = "<group>"; };
		892D4FE31C775B1F00741D83 /* 047.jpg */ = {isa = PBXFileReference; lastKnownFileType = image.jpeg; path = 047.jpg; sourceTree = "<group>"; };
		892D4FE41C775B1F00741D83 /* 048.jpg */ = {isa = PBXFileReference; lastKnownFileType = image.jpeg; path = 048.jpg; sourceTree = "<group>"; };
		892D4FE51C775B1F00741D83 /* 049.jpg */ = {isa = PBXFileReference; lastKnownFileType = image.jpeg; path = 049.jpg; sourceTree = "<group>"; };
		892D4FE61C775B1F00741D83 /* 050.jpg */ = {isa = PBXFileReference; lastKnownFileType = image.jpeg; path = 050.jpg; sourceTree = "<group>"; };
		892D4FE71C775B1F00741D83 /* 051.jpg */ = {isa = PBXFileReference; lastKnownFileType = image.jpeg; path = 051.jpg; sourceTree = "<group>"; };
		892D4FE81C775B1F00741D83 /* 052.jpg */ = {isa = PBXFileReference; lastKnownFileType = image.jpeg; path = 052.jpg; sourceTree = "<group>"; };
		892D4FE91C775B1F00741D83 /* 053.jpg */ = {isa = PBXFileReference; lastKnownFileType = image.jpeg; path = 053.jpg; sourceTree = "<group>"; };
		892D4FEA1C775B1F00741D83 /* 054.jpg */ = {isa = PBXFileReference; lastKnownFileType = image.jpeg; path = 054.jpg; sourceTree = "<group>"; };
		892D50221C78152600741D83 /* result1.jpg */ = {isa = PBXFileReference; lastKnownFileType = image.jpeg; path = result1.jpg; sourceTree = "<group>"; };
		892D50231C78152600741D83 /* result2.jpg */ = {isa = PBXFileReference; lastKnownFileType = image.jpeg; path = result2.jpg; sourceTree = "<group>"; };
		892D50241C78152600741D83 /* result3.jpg */ = {isa = PBXFileReference; lastKnownFileType = image.jpeg; path = result3.jpg; sourceTree = "<group>"; };
/* End PBXFileReference section */

/* Begin PBXFrameworksBuildPhase section */
		892D4F041C7596CC00741D83 /* Frameworks */ = {
			isa = PBXFrameworksBuildPhase;
			buildActionMask = 2147483647;
			files = (
			);
			runOnlyForDeploymentPostprocessing = 0;
		};
		892D4F181C7596CC00741D83 /* Frameworks */ = {
			isa = PBXFrameworksBuildPhase;
			buildActionMask = 2147483647;
			files = (
			);
			runOnlyForDeploymentPostprocessing = 0;
		};
		892D4F231C7596CC00741D83 /* Frameworks */ = {
			isa = PBXFrameworksBuildPhase;
			buildActionMask = 2147483647;
			files = (
			);
			runOnlyForDeploymentPostprocessing = 0;
		};
/* End PBXFrameworksBuildPhase section */

/* Begin PBXGroup section */
		890C8F4B1C798B2C0023AE5F /* Defaults-master */ = {
			isa = PBXGroup;
			children = (
				890C8F4C1C798B2C0023AE5F /* Default-568h@2x.png */,
				890C8F4D1C798B2C0023AE5F /* Default-667h@2x.png */,
				890C8F4E1C798B2C0023AE5F /* Default-736h@3x.png */,
			);
			name = "Defaults-master";
			path = "haikeiImage/wakaImage/Defaults-master";
			sourceTree = "<group>";
		};
		890C8F521C79947C0023AE5F /* wakaImage */ = {
			isa = PBXGroup;
			children = (
				890C8F531C79947C0023AE5F /* u001.jpg */,
				890C8F541C79947C0023AE5F /* u002.jpg */,
				890C8F551C79947C0023AE5F /* u003.jpg */,
				890C8F561C79947C0023AE5F /* u004.jpg */,
				890C8F571C79947C0023AE5F /* u005.jpg */,
				890C8F581C79947C0023AE5F /* u006.jpg */,
				890C8F591C79947C0023AE5F /* u007.jpg */,
				890C8F5A1C79947C0023AE5F /* u008.jpg */,
				890C8F5B1C79947C0023AE5F /* u009.jpg */,
				890C8F5C1C79947C0023AE5F /* u010.jpg */,
				890C8F5D1C79947C0023AE5F /* u011.jpg */,
				890C8F5E1C79947C0023AE5F /* u012.jpg */,
				890C8F5F1C79947C0023AE5F /* u013.jpg */,
				890C8F601C79947C0023AE5F /* u014.jpg */,
				890C8F611C79947C0023AE5F /* u015.jpg */,
				890C8F621C79947C0023AE5F /* u016.jpg */,
				890C8F631C79947C0023AE5F /* u017.jpg */,
				890C8F641C79947C0023AE5F /* u018.jpg */,
				890C8F651C79947C0023AE5F /* u019.jpg */,
				890C8F661C79947C0023AE5F /* u020.jpg */,
				890C8F671C79947C0023AE5F /* u021.jpg */,
				890C8F681C79947C0023AE5F /* u022.jpg */,
				890C8F691C79947C0023AE5F /* u023.jpg */,
				890C8F6A1C79947C0023AE5F /* u024.jpg */,
				890C8F6B1C79947C0023AE5F /* u025.jpg */,
				890C8F6C1C79947C0023AE5F /* u026.jpg */,
				890C8F6D1C79947C0023AE5F /* u027.jpg */,
				890C8F6E1C79947C0023AE5F /* u028.jpg */,
				890C8F6F1C79947C0023AE5F /* u029.jpg */,
				890C8F701C79947C0023AE5F /* u030.jpg */,
				890C8F711C79947C0023AE5F /* u031.jpg */,
				890C8F721C79947C0023AE5F /* u032.jpg */,
				890C8F731C79947C0023AE5F /* u033.jpg */,
				890C8F741C79947C0023AE5F /* u034.jpg */,
				890C8F751C79947C0023AE5F /* u035.jpg */,
				890C8F761C79947C0023AE5F /* u036.jpg */,
				890C8F771C79947C0023AE5F /* u037.jpg */,
				890C8F781C79947C0023AE5F /* u038.jpg */,
				890C8F791C79947C0023AE5F /* u039.jpg */,
				890C8F7A1C79947C0023AE5F /* u040.jpg */,
				890C8F7B1C79947C0023AE5F /* u041.jpg */,
				890C8F7C1C79947C0023AE5F /* u042.jpg */,
				890C8F7D1C79947C0023AE5F /* u043.jpg */,
				890C8F7E1C79947C0023AE5F /* u044.jpg */,
				890C8F7F1C79947C0023AE5F /* u045.jpg */,
				890C8F801C79947C0023AE5F /* u046.jpg */,
				890C8F811C79947C0023AE5F /* u047.jpg */,
				890C8F821C79947C0023AE5F /* u048.jpg */,
				890C8F831C79947C0023AE5F /* u049.jpg */,
				890C8F841C79947C0023AE5F /* u050.jpg */,
				890C8F851C79947C0023AE5F /* u051.jpg */,
				890C8F861C79947C0023AE5F /* u052.jpg */,
				890C8F871C79947C0023AE5F /* u053.jpg */,
				890C8F881C79947C0023AE5F /* u054.jpg */,
				890C8F891C79947C0023AE5F /* u055.jpg */,
				890C8F8A1C79947C0023AE5F /* u056.jpg */,
				890C8F8B1C79947C0023AE5F /* u057.jpg */,
				890C8F8C1C79947C0023AE5F /* u058.jpg */,
				890C8F8D1C79947C0023AE5F /* u059.jpg */,
				890C8F8E1C79947C0023AE5F /* u060.jpg */,
				890C8F8F1C79947C0023AE5F /* u061.jpg */,
				890C8F901C79947C0023AE5F /* u062.jpg */,
				890C8F911C79947C0023AE5F /* u063.jpg */,
				890C8F921C79947C0023AE5F /* u064.jpg */,
				890C8F931C79947C0023AE5F /* u065.jpg */,
				890C8F941C79947C0023AE5F /* u066.jpg */,
				890C8F951C79947C0023AE5F /* u067.jpg */,
				890C8F961C79947C0023AE5F /* u068.jpg */,
				890C8F971C79947C0023AE5F /* u069.jpg */,
				890C8F981C79947C0023AE5F /* u070.jpg */,
				890C8F991C79947C0023AE5F /* u071.jpg */,
				890C8F9A1C79947C0023AE5F /* u072.jpg */,
				890C8F9B1C79947C0023AE5F /* u073.jpg */,
				890C8F9C1C79947C0023AE5F /* u074.jpg */,
				890C8F9D1C79947C0023AE5F /* u075.jpg */,
				890C8F9E1C79947C0023AE5F /* u076.jpg */,
				890C8F9F1C79947C0023AE5F /* u077.jpg */,
				890C8FA01C79947C0023AE5F /* u078.jpg */,
				890C8FA11C79947C0023AE5F /* u079.jpg */,
				890C8FA21C79947C0023AE5F /* u080.jpg */,
				890C8FA31C79947C0023AE5F /* u081.jpg */,
				890C8FA41C79947C0023AE5F /* u082.jpg */,
				890C8FA51C79947C0023AE5F /* u083.jpg */,
				890C8FA61C79947C0023AE5F /* u084.jpg */,
				890C8FA71C79947C0023AE5F /* u085.jpg */,
				890C8FA81C79947C0023AE5F /* u086.jpg */,
				890C8FA91C79947C0023AE5F /* u087.jpg */,
				890C8FAA1C79947C0023AE5F /* u088.jpg */,
				890C8FAB1C79947C0023AE5F /* u089.jpg */,
				890C8FAC1C79947C0023AE5F /* u090.jpg */,
				890C8FAD1C79947C0023AE5F /* u091.jpg */,
				890C8FAE1C79947C0023AE5F /* u092.jpg */,
				890C901B1C7A01060023AE5F /* u093.jpg */,
				890C8FAF1C79947C0023AE5F /* u094.jpg */,
				890C8FB01C79947C0023AE5F /* u095.jpg */,
				890C8FB11C79947C0023AE5F /* u096.jpg */,
				890C8FB21C79947C0023AE5F /* u097.jpg */,
				890C8FB31C79947C0023AE5F /* u098.jpg */,
				890C8FB41C79947C0023AE5F /* u099.jpg */,
				890C8FB51C79947C0023AE5F /* u100.jpg */,
			);
			name = wakaImage;
			path = "haikeiImage/wakaImage/Defaults-master/wakaImage";
			sourceTree = "<group>";
		};
		892D4EFE1C7596CC00741D83 = {
			isa = PBXGroup;
			children = (
				892D4F091C7596CC00741D83 /* WakaQuiz */,
				892D4F1E1C7596CC00741D83 /* WakaQuizTests */,
				892D4F291C7596CC00741D83 /* WakaQuizUITests */,
				892D4F081C7596CC00741D83 /* Products */,
			);
			sourceTree = "<group>";
		};
		892D4F081C7596CC00741D83 /* Products */ = {
			isa = PBXGroup;
			children = (
				892D4F071C7596CC00741D83 /* WakaQuiz.app */,
				892D4F1B1C7596CC00741D83 /* WakaQuizTests.xctest */,
				892D4F261C7596CC00741D83 /* WakaQuizUITests.xctest */,
			);
			name = Products;
			sourceTree = "<group>";
		};
		892D4F091C7596CC00741D83 /* WakaQuiz */ = {
			isa = PBXGroup;
			children = (
				892D4F0A1C7596CC00741D83 /* AppDelegate.swift */,
				892D4F0C1C7596CC00741D83 /* ViewController.swift */,
				892D4F0E1C7596CC00741D83 /* Main.storyboard */,
				892D4F3E1C774AC800741D83 /* DetailViewController.swift */,
				892D4F3C1C774A3C00741D83 /* WakaListTableViewController.swift */,
				892D4F381C7749B900741D83 /* QuizViewController.swift */,
				892D4F3A1C7749FB00741D83 /* ResultViewController.swift */,
				890C8F521C79947C0023AE5F /* wakaImage */,
				890C8F4B1C798B2C0023AE5F /* Defaults-master */,
				892D50211C78152600741D83 /* resultImage */,
				892D4FB41C775B1F00741D83 /* haikeiImage */,
				892D4F401C7754E000741D83 /* tatami01 */,
				892D4F111C7596CC00741D83 /* Assets.xcassets */,
				892D4F131C7596CC00741D83 /* LaunchScreen.storyboard */,
				892D4F161C7596CC00741D83 /* Info.plist */,
			);
			path = WakaQuiz;
			sourceTree = "<group>";
		};
		892D4F1E1C7596CC00741D83 /* WakaQuizTests */ = {
			isa = PBXGroup;
			children = (
				892D4F1F1C7596CC00741D83 /* WakaQuizTests.swift */,
				892D4F211C7596CC00741D83 /* Info.plist */,
			);
			path = WakaQuizTests;
			sourceTree = "<group>";
		};
		892D4F291C7596CC00741D83 /* WakaQuizUITests */ = {
			isa = PBXGroup;
			children = (
				892D4F2A1C7596CC00741D83 /* WakaQuizUITests.swift */,
				892D4F2C1C7596CC00741D83 /* Info.plist */,
			);
			path = WakaQuizUITests;
			sourceTree = "<group>";
		};
		892D4F401C7754E000741D83 /* tatami01 */ = {
			isa = PBXGroup;
			children = (
				892D4F411C7754E000741D83 /* tatami01-p.jpg */,
				892D4F421C7754E000741D83 /* tatami01.jpg */,
				892D4F431C7754E000741D83 /* tatami01.pat */,
			);
			path = tatami01;
			sourceTree = "<group>";
		};
		892D4FB41C775B1F00741D83 /* haikeiImage */ = {
			isa = PBXGroup;
			children = (
				892D4FB51C775B1F00741D83 /* 001.jpg */,
				892D4FB61C775B1F00741D83 /* 002.jpg */,
				892D4FB71C775B1F00741D83 /* 003.jpg */,
				892D4FB81C775B1F00741D83 /* 004.jpg */,
				892D4FB91C775B1F00741D83 /* 005.jpg */,
				892D4FBA1C775B1F00741D83 /* 006.jpg */,
				892D4FBB1C775B1F00741D83 /* 007.jpg */,
				892D4FBC1C775B1F00741D83 /* 008.jpg */,
				892D4FBD1C775B1F00741D83 /* 009.jpg */,
				892D4FBE1C775B1F00741D83 /* 010.jpg */,
				892D4FBF1C775B1F00741D83 /* 011.jpg */,
				892D4FC01C775B1F00741D83 /* 012.jpg */,
				892D4FC11C775B1F00741D83 /* 013.jpg */,
				892D4FC21C775B1F00741D83 /* 014.jpg */,
				892D4FC31C775B1F00741D83 /* 015.jpg */,
				892D4FC41C775B1F00741D83 /* 016.jpg */,
				892D4FC51C775B1F00741D83 /* 017.jpg */,
				892D4FC61C775B1F00741D83 /* 018.jpg */,
				892D4FC71C775B1F00741D83 /* 019.jpg */,
				892D4FC81C775B1F00741D83 /* 020.jpg */,
				892D4FC91C775B1F00741D83 /* 021.jpg */,
				892D4FCA1C775B1F00741D83 /* 022.jpg */,
				892D4FCB1C775B1F00741D83 /* 023.jpg */,
				892D4FCC1C775B1F00741D83 /* 024.jpg */,
				892D4FCD1C775B1F00741D83 /* 025.jpg */,
				892D4FCE1C775B1F00741D83 /* 026.jpg */,
				892D4FCF1C775B1F00741D83 /* 027.jpg */,
				892D4FD01C775B1F00741D83 /* 028.jpg */,
				892D4FD11C775B1F00741D83 /* 029.jpg */,
				892D4FD21C775B1F00741D83 /* 030.jpg */,
				892D4FD31C775B1F00741D83 /* 031.jpg */,
				892D4FD41C775B1F00741D83 /* 032.jpg */,
				892D4FD51C775B1F00741D83 /* 033.jpg */,
				892D4FD61C775B1F00741D83 /* 034.jpg */,
				892D4FD71C775B1F00741D83 /* 035.jpg */,
				892D4FD81C775B1F00741D83 /* 036.jpg */,
				892D4FD91C775B1F00741D83 /* 037.jpg */,
				892D4FDA1C775B1F00741D83 /* 038.jpg */,
				892D4FDB1C775B1F00741D83 /* 039.jpg */,
				892D4FDC1C775B1F00741D83 /* 040.jpg */,
				892D4FDD1C775B1F00741D83 /* 041.jpg */,
				892D4FDE1C775B1F00741D83 /* 042.jpg */,
				892D4FDF1C775B1F00741D83 /* 043.jpg */,
				892D4FE01C775B1F00741D83 /* 044.jpg */,
				892D4FE11C775B1F00741D83 /* 045.jpg */,
				892D4FE21C775B1F00741D83 /* 046.jpg */,
				892D4FE31C775B1F00741D83 /* 047.jpg */,
				892D4FE41C775B1F00741D83 /* 048.jpg */,
				892D4FE51C775B1F00741D83 /* 049.jpg */,
				892D4FE61C775B1F00741D83 /* 050.jpg */,
				892D4FE71C775B1F00741D83 /* 051.jpg */,
				892D4FE81C775B1F00741D83 /* 052.jpg */,
				892D4FE91C775B1F00741D83 /* 053.jpg */,
				892D4FEA1C775B1F00741D83 /* 054.jpg */,
			);
			path = haikeiImage;
			sourceTree = "<group>";
		};
		892D50211C78152600741D83 /* resultImage */ = {
			isa = PBXGroup;
			children = (
				892D50221C78152600741D83 /* result1.jpg */,
				892D50231C78152600741D83 /* result2.jpg */,
				892D50241C78152600741D83 /* result3.jpg */,
			);
			path = resultImage;
			sourceTree = "<group>";
		};
/* End PBXGroup section */

/* Begin PBXNativeTarget section */
		892D4F061C7596CC00741D83 /* WakaQuiz */ = {
			isa = PBXNativeTarget;
			buildConfigurationList = 892D4F2F1C7596CC00741D83 /* Build configuration list for PBXNativeTarget "WakaQuiz" */;
			buildPhases = (
				892D4F031C7596CC00741D83 /* Sources */,
				892D4F041C7596CC00741D83 /* Frameworks */,
				892D4F051C7596CC00741D83 /* Resources */,
			);
			buildRules = (
			);
			dependencies = (
			);
			name = WakaQuiz;
			productName = WakaQuiz;
			productReference = 892D4F071C7596CC00741D83 /* WakaQuiz.app */;
			productType = "com.apple.product-type.application";
		};
		892D4F1A1C7596CC00741D83 /* WakaQuizTests */ = {
			isa = PBXNativeTarget;
			buildConfigurationList = 892D4F321C7596CC00741D83 /* Build configuration list for PBXNativeTarget "WakaQuizTests" */;
			buildPhases = (
				892D4F171C7596CC00741D83 /* Sources */,
				892D4F181C7596CC00741D83 /* Frameworks */,
				892D4F191C7596CC00741D83 /* Resources */,
			);
			buildRules = (
			);
			dependencies = (
				892D4F1D1C7596CC00741D83 /* PBXTargetDependency */,
			);
			name = WakaQuizTests;
			productName = WakaQuizTests;
			productReference = 892D4F1B1C7596CC00741D83 /* WakaQuizTests.xctest */;
			productType = "com.apple.product-type.bundle.unit-test";
		};
		892D4F251C7596CC00741D83 /* WakaQuizUITests */ = {
			isa = PBXNativeTarget;
			buildConfigurationList = 892D4F351C7596CC00741D83 /* Build configuration list for PBXNativeTarget "WakaQuizUITests" */;
			buildPhases = (
				892D4F221C7596CC00741D83 /* Sources */,
				892D4F231C7596CC00741D83 /* Frameworks */,
				892D4F241C7596CC00741D83 /* Resources */,
			);
			buildRules = (
			);
			dependencies = (
				892D4F281C7596CC00741D83 /* PBXTargetDependency */,
			);
			name = WakaQuizUITests;
			productName = WakaQuizUITests;
			productReference = 892D4F261C7596CC00741D83 /* WakaQuizUITests.xctest */;
			productType = "com.apple.product-type.bundle.ui-testing";
		};
/* End PBXNativeTarget section */

/* Begin PBXProject section */
		892D4EFF1C7596CC00741D83 /* Project object */ = {
			isa = PBXProject;
			attributes = {
				LastSwiftUpdateCheck = 0720;
				LastUpgradeCheck = 0720;
				ORGANIZATIONNAME = UnivercityofTsukuba;
				TargetAttributes = {
					892D4F061C7596CC00741D83 = {
						CreatedOnToolsVersion = 7.2.1;
					};
					892D4F1A1C7596CC00741D83 = {
						CreatedOnToolsVersion = 7.2.1;
						TestTargetID = 892D4F061C7596CC00741D83;
					};
					892D4F251C7596CC00741D83 = {
						CreatedOnToolsVersion = 7.2.1;
						TestTargetID = 892D4F061C7596CC00741D83;
					};
				};
			};
			buildConfigurationList = 892D4F021C7596CC00741D83 /* Build configuration list for PBXProject "WakaQuiz" */;
			compatibilityVersion = "Xcode 3.2";
			developmentRegion = English;
			hasScannedForEncodings = 0;
			knownRegions = (
				en,
				Base,
			);
			mainGroup = 892D4EFE1C7596CC00741D83;
			productRefGroup = 892D4F081C7596CC00741D83 /* Products */;
			projectDirPath = "";
			projectRoot = "";
			targets = (
				892D4F061C7596CC00741D83 /* WakaQuiz */,
				892D4F1A1C7596CC00741D83 /* WakaQuizTests */,
				892D4F251C7596CC00741D83 /* WakaQuizUITests */,
			);
		};
/* End PBXProject section */

/* Begin PBXResourcesBuildPhase section */
		892D4F051C7596CC00741D83 /* Resources */ = {
			isa = PBXResourcesBuildPhase;
			buildActionMask = 2147483647;
			files = (
				892D50111C775B1F00741D83 /* 039.jpg in Resources */,
				890C8FC41C79947C0023AE5F /* u014.jpg in Resources */,
				892D500F1C775B1F00741D83 /* 037.jpg in Resources */,
				890C90151C79947C0023AE5F /* u096.jpg in Resources */,
				890C90111C79947C0023AE5F /* u091.jpg in Resources */,
				892D4FF01C775B1F00741D83 /* 006.jpg in Resources */,
				890C8FF41C79947C0023AE5F /* u062.jpg in Resources */,
				890C8F4F1C798B2C0023AE5F /* Default-568h@2x.png in Resources */,
				890C8FC71C79947C0023AE5F /* u017.jpg in Resources */,
				890C8FB91C79947C0023AE5F /* u003.jpg in Resources */,
				890C8FCB1C79947C0023AE5F /* u021.jpg in Resources */,
				892D501B1C775B1F00741D83 /* 049.jpg in Resources */,
				892D4FED1C775B1F00741D83 /* 003.jpg in Resources */,
				890C900B1C79947C0023AE5F /* u085.jpg in Resources */,
				890C90121C79947C0023AE5F /* u092.jpg in Resources */,
				890C90001C79947C0023AE5F /* u074.jpg in Resources */,
				890C8FDB1C79947C0023AE5F /* u037.jpg in Resources */,
				890C8FE11C79947C0023AE5F /* u043.jpg in Resources */,
				892D4FEC1C775B1F00741D83 /* 002.jpg in Resources */,
				892D4FF61C775B1F00741D83 /* 012.jpg in Resources */,
				892D4FF71C775B1F00741D83 /* 013.jpg in Resources */,
				890C8FD11C79947C0023AE5F /* u027.jpg in Resources */,
				890C90161C79947C0023AE5F /* u097.jpg in Resources */,
				890C8FF11C79947C0023AE5F /* u059.jpg in Resources */,
				890C90011C79947C0023AE5F /* u075.jpg in Resources */,
				890C8FEB1C79947C0023AE5F /* u053.jpg in Resources */,
				890C8FDC1C79947C0023AE5F /* u038.jpg in Resources */,
				890C8FE81C79947C0023AE5F /* u050.jpg in Resources */,
				890C8FD21C79947C0023AE5F /* u028.jpg in Resources */,
				890C8FCA1C79947C0023AE5F /* u020.jpg in Resources */,
				890C90181C79947C0023AE5F /* u099.jpg in Resources */,
				890C900C1C79947C0023AE5F /* u086.jpg in Resources */,
				892D500C1C775B1F00741D83 /* 034.jpg in Resources */,
				890C8FE51C79947C0023AE5F /* u047.jpg in Resources */,
				890C90021C79947C0023AE5F /* u076.jpg in Resources */,
				892D50091C775B1F00741D83 /* 031.jpg in Resources */,
				892D500D1C775B1F00741D83 /* 035.jpg in Resources */,
				890C8FE41C79947C0023AE5F /* u046.jpg in Resources */,
				890C8FE31C79947C0023AE5F /* u045.jpg in Resources */,
				892D4F151C7596CC00741D83 /* LaunchScreen.storyboard in Resources */,
				890C8FE01C79947C0023AE5F /* u042.jpg in Resources */,
				892D50001C775B1F00741D83 /* 022.jpg in Resources */,
				892D501A1C775B1F00741D83 /* 048.jpg in Resources */,
				890C8FC61C79947C0023AE5F /* u016.jpg in Resources */,
				890C8FBF1C79947C0023AE5F /* u009.jpg in Resources */,
				890C900E1C79947C0023AE5F /* u088.jpg in Resources */,
				892D50141C775B1F00741D83 /* 042.jpg in Resources */,
				892D4FFB1C775B1F00741D83 /* 017.jpg in Resources */,
				890C8FD31C79947C0023AE5F /* u029.jpg in Resources */,
				890C8F501C798B2C0023AE5F /* Default-667h@2x.png in Resources */,
				892D50271C78152600741D83 /* result3.jpg in Resources */,
				890C8FF51C79947C0023AE5F /* u063.jpg in Resources */,
				890C8FC51C79947C0023AE5F /* u015.jpg in Resources */,
				890C8FB71C79947C0023AE5F /* u001.jpg in Resources */,
				890C90171C79947C0023AE5F /* u098.jpg in Resources */,
				890C8FD41C79947C0023AE5F /* u030.jpg in Resources */,
				890C8FFA1C79947C0023AE5F /* u068.jpg in Resources */,
				892D500B1C775B1F00741D83 /* 033.jpg in Resources */,
				890C8FF91C79947C0023AE5F /* u067.jpg in Resources */,
				892D4F121C7596CC00741D83 /* Assets.xcassets in Resources */,
				892D50081C775B1F00741D83 /* 030.jpg in Resources */,
				890C8FF31C79947C0023AE5F /* u061.jpg in Resources */,
				890C8FD61C79947C0023AE5F /* u032.jpg in Resources */,
				892D50031C775B1F00741D83 /* 025.jpg in Resources */,
				890C8FDA1C79947C0023AE5F /* u036.jpg in Resources */,
				890C90131C79947C0023AE5F /* u094.jpg in Resources */,
				890C8FC11C79947C0023AE5F /* u011.jpg in Resources */,
				892D50171C775B1F00741D83 /* 045.jpg in Resources */,
				892D4F461C7754E000741D83 /* tatami01.pat in Resources */,
				890C8FB81C79947C0023AE5F /* u002.jpg in Resources */,
				892D4FF31C775B1F00741D83 /* 009.jpg in Resources */,
				890C90071C79947C0023AE5F /* u081.jpg in Resources */,
				890C8FDF1C79947C0023AE5F /* u041.jpg in Resources */,
				892D4FF41C775B1F00741D83 /* 010.jpg in Resources */,
				890C8FDE1C79947C0023AE5F /* u040.jpg in Resources */,
				892D50021C775B1F00741D83 /* 024.jpg in Resources */,
				892D50041C775B1F00741D83 /* 026.jpg in Resources */,
				892D4FEB1C775B1F00741D83 /* 001.jpg in Resources */,
				890C8FCF1C79947C0023AE5F /* u025.jpg in Resources */,
				892D4FEE1C775B1F00741D83 /* 004.jpg in Resources */,
				892D4FEF1C775B1F00741D83 /* 005.jpg in Resources */,
				890C8FFE1C79947C0023AE5F /* u072.jpg in Resources */,
				890C8FEC1C79947C0023AE5F /* u054.jpg in Resources */,
				890C8FC91C79947C0023AE5F /* u019.jpg in Resources */,
				892D501E1C775B1F00741D83 /* 052.jpg in Resources */,
				890C8FD81C79947C0023AE5F /* u034.jpg in Resources */,
				890C900A1C79947C0023AE5F /* u084.jpg in Resources */,
				890C90091C79947C0023AE5F /* u083.jpg in Resources */,
				892D4FFD1C775B1F00741D83 /* 019.jpg in Resources */,
				890C8FC31C79947C0023AE5F /* u013.jpg in Resources */,
				890C8FEE1C79947C0023AE5F /* u056.jpg in Resources */,
				890C8FE61C79947C0023AE5F /* u048.jpg in Resources */,
				892D4FFF1C775B1F00741D83 /* 021.jpg in Resources */,
				890C8FFB1C79947C0023AE5F /* u069.jpg in Resources */,
				890C8FE91C79947C0023AE5F /* u051.jpg in Resources */,
				892D50161C775B1F00741D83 /* 044.jpg in Resources */,
				892D4FF11C775B1F00741D83 /* 007.jpg in Resources */,
				892D500A1C775B1F00741D83 /* 032.jpg in Resources */,
				892D4FFC1C775B1F00741D83 /* 018.jpg in Resources */,
				892D501C1C775B1F00741D83 /* 050.jpg in Resources */,
				890C8FF71C79947C0023AE5F /* u065.jpg in Resources */,
				892D4FF21C775B1F00741D83 /* 008.jpg in Resources */,
				890C8FFF1C79947C0023AE5F /* u073.jpg in Resources */,
				890C8FF01C79947C0023AE5F /* u058.jpg in Resources */,
				890C8FC01C79947C0023AE5F /* u010.jpg in Resources */,
				892D4FF91C775B1F00741D83 /* 015.jpg in Resources */,
				890C90031C79947C0023AE5F /* u077.jpg in Resources */,
				892D50121C775B1F00741D83 /* 040.jpg in Resources */,
				890C8FBE1C79947C0023AE5F /* u008.jpg in Resources */,
				890C8FBA1C79947C0023AE5F /* u004.jpg in Resources */,
				890C90141C79947C0023AE5F /* u095.jpg in Resources */,
				890C8FEF1C79947C0023AE5F /* u057.jpg in Resources */,
				892D4F451C7754E000741D83 /* tatami01.jpg in Resources */,
				892D4FFA1C775B1F00741D83 /* 016.jpg in Resources */,
				890C8FD51C79947C0023AE5F /* u031.jpg in Resources */,
				890C90051C79947C0023AE5F /* u079.jpg in Resources */,
				890C8FE21C79947C0023AE5F /* u044.jpg in Resources */,
				892D4F101C7596CC00741D83 /* Main.storyboard in Resources */,
				892D50251C78152600741D83 /* result1.jpg in Resources */,
				892D501D1C775B1F00741D83 /* 051.jpg in Resources */,
				890C8FC81C79947C0023AE5F /* u018.jpg in Resources */,
				890C900D1C79947C0023AE5F /* u087.jpg in Resources */,
				890C901C1C7A01060023AE5F /* u093.jpg in Resources */,
				892D501F1C775B1F00741D83 /* 053.jpg in Resources */,
				890C8FFD1C79947C0023AE5F /* u071.jpg in Resources */,
				890C8FF21C79947C0023AE5F /* u060.jpg in Resources */,
				890C8FE71C79947C0023AE5F /* u049.jpg in Resources */,
				892D50071C775B1F00741D83 /* 029.jpg in Resources */,
				890C8FD01C79947C0023AE5F /* u026.jpg in Resources */,
				890C8FBD1C79947C0023AE5F /* u007.jpg in Resources */,
				892D50051C775B1F00741D83 /* 027.jpg in Resources */,
				892D50061C775B1F00741D83 /* 028.jpg in Resources */,
				892D50261C78152600741D83 /* result2.jpg in Resources */,
				892D50101C775B1F00741D83 /* 038.jpg in Resources */,
				890C8FF61C79947C0023AE5F /* u064.jpg in Resources */,
				890C8FCC1C79947C0023AE5F /* u022.jpg in Resources */,
				890C8FBC1C79947C0023AE5F /* u006.jpg in Resources */,
				890C90191C79947C0023AE5F /* u100.jpg in Resources */,
				890C8FED1C79947C0023AE5F /* u055.jpg in Resources */,
				892D4FFE1C775B1F00741D83 /* 020.jpg in Resources */,
				890C8FD91C79947C0023AE5F /* u035.jpg in Resources */,
				892D50011C775B1F00741D83 /* 023.jpg in Resources */,
				890C8FCE1C79947C0023AE5F /* u024.jpg in Resources */,
				890C8FD71C79947C0023AE5F /* u033.jpg in Resources */,
				890C8FDD1C79947C0023AE5F /* u039.jpg in Resources */,
				890C90061C79947C0023AE5F /* u080.jpg in Resources */,
				892D50201C775B1F00741D83 /* 054.jpg in Resources */,
				890C8FC21C79947C0023AE5F /* u012.jpg in Resources */,
				890C8FBB1C79947C0023AE5F /* u005.jpg in Resources */,
				890C8FEA1C79947C0023AE5F /* u052.jpg in Resources */,
				892D50131C775B1F00741D83 /* 041.jpg in Resources */,
				890C900F1C79947C0023AE5F /* u089.jpg in Resources */,
				890C8FCD1C79947C0023AE5F /* u023.jpg in Resources */,
				890C8F511C798B2C0023AE5F /* Default-736h@3x.png in Resources */,
				890C8FF81C79947C0023AE5F /* u066.jpg in Resources */,
				890C90101C79947C0023AE5F /* u090.jpg in Resources */,
				892D50151C775B1F00741D83 /* 043.jpg in Resources */,
				892D4F441C7754E000741D83 /* tatami01-p.jpg in Resources */,
				892D50181C775B1F00741D83 /* 046.jpg in Resources */,
				890C8FFC1C79947C0023AE5F /* u070.jpg in Resources */,
				890C90041C79947C0023AE5F /* u078.jpg in Resources */,
				892D50191C775B1F00741D83 /* 047.jpg in Resources */,
				892D500E1C775B1F00741D83 /* 036.jpg in Resources */,
				892D4FF51C775B1F00741D83 /* 011.jpg in Resources */,
				890C90081C79947C0023AE5F /* u082.jpg in Resources */,
				892D4FF81C775B1F00741D83 /* 014.jpg in Resources */,
			);
			runOnlyForDeploymentPostprocessing = 0;
		};
		892D4F191C7596CC00741D83 /* Resources */ = {
			isa = PBXResourcesBuildPhase;
			buildActionMask = 2147483647;
			files = (
			);
			runOnlyForDeploymentPostprocessing = 0;
		};
		892D4F241C7596CC00741D83 /* Resources */ = {
			isa = PBXResourcesBuildPhase;
			buildActionMask = 2147483647;
			files = (
			);
			runOnlyForDeploymentPostprocessing = 0;
		};
/* End PBXResourcesBuildPhase section */

/* Begin PBXSourcesBuildPhase section */
		892D4F031C7596CC00741D83 /* Sources */ = {
			isa = PBXSourcesBuildPhase;
			buildActionMask = 2147483647;
			files = (
				892D4F391C7749B900741D83 /* QuizViewController.swift in Sources */,
				892D4F0D1C7596CC00741D83 /* ViewController.swift in Sources */,
				892D4F3D1C774A3C00741D83 /* WakaListTableViewController.swift in Sources */,
				892D4F3F1C774AC800741D83 /* DetailViewController.swift in Sources */,
				892D4F0B1C7596CC00741D83 /* AppDelegate.swift in Sources */,
				892D4F3B1C7749FB00741D83 /* ResultViewController.swift in Sources */,
			);
			runOnlyForDeploymentPostprocessing = 0;
		};
		892D4F171C7596CC00741D83 /* Sources */ = {
			isa = PBXSourcesBuildPhase;
			buildActionMask = 2147483647;
			files = (
				892D4F201C7596CC00741D83 /* WakaQuizTests.swift in Sources */,
			);
			runOnlyForDeploymentPostprocessing = 0;
		};
		892D4F221C7596CC00741D83 /* Sources */ = {
			isa = PBXSourcesBuildPhase;
			buildActionMask = 2147483647;
			files = (
				892D4F2B1C7596CC00741D83 /* WakaQuizUITests.swift in Sources */,
			);
			runOnlyForDeploymentPostprocessing = 0;
		};
/* End PBXSourcesBuildPhase section */

/* Begin PBXTargetDependency section */
		892D4F1D1C7596CC00741D83 /* PBXTargetDependency */ = {
			isa = PBXTargetDependency;
			target = 892D4F061C7596CC00741D83 /* WakaQuiz */;
			targetProxy = 892D4F1C1C7596CC00741D83 /* PBXContainerItemProxy */;
		};
		892D4F281C7596CC00741D83 /* PBXTargetDependency */ = {
			isa = PBXTargetDependency;
			target = 892D4F061C7596CC00741D83 /* WakaQuiz */;
			targetProxy = 892D4F271C7596CC00741D83 /* PBXContainerItemProxy */;
		};
/* End PBXTargetDependency section */

/* Begin PBXVariantGroup section */
		892D4F0E1C7596CC00741D83 /* Main.storyboard */ = {
			isa = PBXVariantGroup;
			children = (
				892D4F0F1C7596CC00741D83 /* Base */,
			);
			name = Main.storyboard;
			sourceTree = "<group>";
		};
		892D4F131C7596CC00741D83 /* LaunchScreen.storyboard */ = {
			isa = PBXVariantGroup;
			children = (
				892D4F141C7596CC00741D83 /* Base */,
			);
			name = LaunchScreen.storyboard;
			sourceTree = "<group>";
		};
/* End PBXVariantGroup section */

/* Begin XCBuildConfiguration section */
		892D4F2D1C7596CC00741D83 /* Debug */ = {
			isa = XCBuildConfiguration;
			buildSettings = {
				ALWAYS_SEARCH_USER_PATHS = NO;
				CLANG_CXX_LANGUAGE_STANDARD = "gnu++0x";
				CLANG_CXX_LIBRARY = "libc++";
				CLANG_ENABLE_MODULES = YES;
				CLANG_ENABLE_OBJC_ARC = YES;
				CLANG_WARN_BOOL_CONVERSION = YES;
				CLANG_WARN_CONSTANT_CONVERSION = YES;
				CLANG_WARN_DIRECT_OBJC_ISA_USAGE = YES_ERROR;
				CLANG_WARN_EMPTY_BODY = YES;
				CLANG_WARN_ENUM_CONVERSION = YES;
				CLANG_WARN_INT_CONVERSION = YES;
				CLANG_WARN_OBJC_ROOT_CLASS = YES_ERROR;
				CLANG_WARN_UNREACHABLE_CODE = YES;
				CLANG_WARN__DUPLICATE_METHOD_MATCH = YES;
				"CODE_SIGN_IDENTITY[sdk=iphoneos*]" = "iPhone Developer";
				COPY_PHASE_STRIP = NO;
				DEBUG_INFORMATION_FORMAT = dwarf;
				ENABLE_STRICT_OBJC_MSGSEND = YES;
				ENABLE_TESTABILITY = YES;
				GCC_C_LANGUAGE_STANDARD = gnu99;
				GCC_DYNAMIC_NO_PIC = NO;
				GCC_NO_COMMON_BLOCKS = YES;
				GCC_OPTIMIZATION_LEVEL = 0;
				GCC_PREPROCESSOR_DEFINITIONS = (
					"DEBUG=1",
					"$(inherited)",
				);
				GCC_WARN_64_TO_32_BIT_CONVERSION = YES;
				GCC_WARN_ABOUT_RETURN_TYPE = YES_ERROR;
				GCC_WARN_UNDECLARED_SELECTOR = YES;
				GCC_WARN_UNINITIALIZED_AUTOS = YES_AGGRESSIVE;
				GCC_WARN_UNUSED_FUNCTION = YES;
				GCC_WARN_UNUSED_VARIABLE = YES;
				IPHONEOS_DEPLOYMENT_TARGET = 9.2;
				MTL_ENABLE_DEBUG_INFO = YES;
				ONLY_ACTIVE_ARCH = YES;
				SDKROOT = iphoneos;
				SWIFT_OPTIMIZATION_LEVEL = "-Onone";
			};
			name = Debug;
		};
		892D4F2E1C7596CC00741D83 /* Release */ = {
			isa = XCBuildConfiguration;
			buildSettings = {
				ALWAYS_SEARCH_USER_PATHS = NO;
				CLANG_CXX_LANGUAGE_STANDARD = "gnu++0x";
				CLANG_CXX_LIBRARY = "libc++";
				CLANG_ENABLE_MODULES = YES;
				CLANG_ENABLE_OBJC_ARC = YES;
				CLANG_WARN_BOOL_CONVERSION = YES;
				CLANG_WARN_CONSTANT_CONVERSION = YES;
				CLANG_WARN_DIRECT_OBJC_ISA_USAGE = YES_ERROR;
				CLANG_WARN_EMPTY_BODY = YES;
				CLANG_WARN_ENUM_CONVERSION = YES;
				CLANG_WARN_INT_CONVERSION = YES;
				CLANG_WARN_OBJC_ROOT_CLASS = YES_ERROR;
				CLANG_WARN_UNREACHABLE_CODE = YES;
				CLANG_WARN__DUPLICATE_METHOD_MATCH = YES;
				"CODE_SIGN_IDENTITY[sdk=iphoneos*]" = "iPhone Developer";
				COPY_PHASE_STRIP = NO;
				DEBUG_INFORMATION_FORMAT = "dwarf-with-dsym";
				ENABLE_NS_ASSERTIONS = NO;
				ENABLE_STRICT_OBJC_MSGSEND = YES;
				GCC_C_LANGUAGE_STANDARD = gnu99;
				GCC_NO_COMMON_BLOCKS = YES;
				GCC_WARN_64_TO_32_BIT_CONVERSION = YES;
				GCC_WARN_ABOUT_RETURN_TYPE = YES_ERROR;
				GCC_WARN_UNDECLARED_SELECTOR = YES;
				GCC_WARN_UNINITIALIZED_AUTOS = YES_AGGRESSIVE;
				GCC_WARN_UNUSED_FUNCTION = YES;
				GCC_WARN_UNUSED_VARIABLE = YES;
				IPHONEOS_DEPLOYMENT_TARGET = 9.2;
				MTL_ENABLE_DEBUG_INFO = NO;
				SDKROOT = iphoneos;
				VALIDATE_PRODUCT = YES;
			};
			name = Release;
		};
		892D4F301C7596CC00741D83 /* Debug */ = {
			isa = XCBuildConfiguration;
			buildSettings = {
				ASSETCATALOG_COMPILER_APPICON_NAME = AppIcon;
				INFOPLIST_FILE = WakaQuiz/Info.plist;
				LD_RUNPATH_SEARCH_PATHS = "$(inherited) @executable_path/Frameworks";
				PRODUCT_BUNDLE_IDENTIFIER = Self.WakaQuiz;
				PRODUCT_NAME = "$(TARGET_NAME)";
			};
			name = Debug;
		};
		892D4F311C7596CC00741D83 /* Release */ = {
			isa = XCBuildConfiguration;
			buildSettings = {
				ASSETCATALOG_COMPILER_APPICON_NAME = AppIcon;
				INFOPLIST_FILE = WakaQuiz/Info.plist;
				LD_RUNPATH_SEARCH_PATHS = "$(inherited) @executable_path/Frameworks";
				PRODUCT_BUNDLE_IDENTIFIER = Self.WakaQuiz;
				PRODUCT_NAME = "$(TARGET_NAME)";
			};
			name = Release;
		};
		892D4F331C7596CC00741D83 /* Debug */ = {
			isa = XCBuildConfiguration;
			buildSettings = {
				BUNDLE_LOADER = "$(TEST_HOST)";
				INFOPLIST_FILE = WakaQuizTests/Info.plist;
				LD_RUNPATH_SEARCH_PATHS = "$(inherited) @executable_path/Frameworks @loader_path/Frameworks";
				PRODUCT_BUNDLE_IDENTIFIER = Self.WakaQuizTests;
				PRODUCT_NAME = "$(TARGET_NAME)";
				TEST_HOST = "$(BUILT_PRODUCTS_DIR)/WakaQuiz.app/WakaQuiz";
			};
			name = Debug;
		};
		892D4F341C7596CC00741D83 /* Release */ = {
			isa = XCBuildConfiguration;
			buildSettings = {
				BUNDLE_LOADER = "$(TEST_HOST)";
				INFOPLIST_FILE = WakaQuizTests/Info.plist;
				LD_RUNPATH_SEARCH_PATHS = "$(inherited) @executable_path/Frameworks @loader_path/Frameworks";
				PRODUCT_BUNDLE_IDENTIFIER = Self.WakaQuizTests;
				PRODUCT_NAME = "$(TARGET_NAME)";
				TEST_HOST = "$(BUILT_PRODUCTS_DIR)/WakaQuiz.app/WakaQuiz";
			};
			name = Release;
		};
		892D4F361C7596CC00741D83 /* Debug */ = {
			isa = XCBuildConfiguration;
			buildSettings = {
				INFOPLIST_FILE = WakaQuizUITests/Info.plist;
				LD_RUNPATH_SEARCH_PATHS = "$(inherited) @executable_path/Frameworks @loader_path/Frameworks";
				PRODUCT_BUNDLE_IDENTIFIER = Self.WakaQuizUITests;
				PRODUCT_NAME = "$(TARGET_NAME)";
				TEST_TARGET_NAME = WakaQuiz;
				USES_XCTRUNNER = YES;
			};
			name = Debug;
		};
		892D4F371C7596CC00741D83 /* Release */ = {
			isa = XCBuildConfiguration;
			buildSettings = {
				INFOPLIST_FILE = WakaQuizUITests/Info.plist;
				LD_RUNPATH_SEARCH_PATHS = "$(inherited) @executable_path/Frameworks @loader_path/Frameworks";
				PRODUCT_BUNDLE_IDENTIFIER = Self.WakaQuizUITests;
				PRODUCT_NAME = "$(TARGET_NAME)";
				TEST_TARGET_NAME = WakaQuiz;
				USES_XCTRUNNER = YES;
			};
			name = Release;
		};
/* End XCBuildConfiguration section */

/* Begin XCConfigurationList section */
		892D4F021C7596CC00741D83 /* Build configuration list for PBXProject "WakaQuiz" */ = {
			isa = XCConfigurationList;
			buildConfigurations = (
				892D4F2D1C7596CC00741D83 /* Debug */,
				892D4F2E1C7596CC00741D83 /* Release */,
			);
			defaultConfigurationIsVisible = 0;
			defaultConfigurationName = Release;
		};
		892D4F2F1C7596CC00741D83 /* Build configuration list for PBXNativeTarget "WakaQuiz" */ = {
			isa = XCConfigurationList;
			buildConfigurations = (
				892D4F301C7596CC00741D83 /* Debug */,
				892D4F311C7596CC00741D83 /* Release */,
			);
			defaultConfigurationIsVisible = 0;
			defaultConfigurationName = Release;
		};
		892D4F321C7596CC00741D83 /* Build configuration list for PBXNativeTarget "WakaQuizTests" */ = {
			isa = XCConfigurationList;
			buildConfigurations = (
				892D4F331C7596CC00741D83 /* Debug */,
				892D4F341C7596CC00741D83 /* Release */,
			);
			defaultConfigurationIsVisible = 0;
			defaultConfigurationName = Release;
		};
		892D4F351C7596CC00741D83 /* Build configuration list for PBXNativeTarget "WakaQuizUITests" */ = {
			isa = XCConfigurationList;
			buildConfigurations = (
				892D4F361C7596CC00741D83 /* Debug */,
				892D4F371C7596CC00741D83 /* Release */,
			);
			defaultConfigurationIsVisible = 0;
			defaultConfigurationName = Release;
		};
/* End XCConfigurationList section */
	};
	rootObject = 892D4EFF1C7596CC00741D83 /* Project object */;
}
